// !$*UTF8*$!
{
	archiveVersion = 1;
	classes = {
	};
	objectVersion = 46;
	objects = {

/* Begin PBXBuildFile section */
		2982DE6316401D21002ECC0D /* UIKit.framework in Frameworks */ = {isa = PBXBuildFile; fileRef = 2982DE6216401D21002ECC0D /* UIKit.framework */; };
		2982DE6516401D21002ECC0D /* Foundation.framework in Frameworks */ = {isa = PBXBuildFile; fileRef = 2982DE6416401D21002ECC0D /* Foundation.framework */; };
		2982DE6716401D21002ECC0D /* CoreGraphics.framework in Frameworks */ = {isa = PBXBuildFile; fileRef = 2982DE6616401D21002ECC0D /* CoreGraphics.framework */; };
		2982DE6D16401D21002ECC0D /* InfoPlist.strings in Resources */ = {isa = PBXBuildFile; fileRef = 2982DE6B16401D21002ECC0D /* InfoPlist.strings */; };
		2982DE6F16401D21002ECC0D /* main.m in Sources */ = {isa = PBXBuildFile; fileRef = 2982DE6E16401D21002ECC0D /* main.m */; };
		2982DE7316401D21002ECC0D /* AppDelegate.m in Sources */ = {isa = PBXBuildFile; fileRef = 2982DE7216401D21002ECC0D /* AppDelegate.m */; };
		2982DE7516401D21002ECC0D /* Default.png in Resources */ = {isa = PBXBuildFile; fileRef = 2982DE7416401D21002ECC0D /* Default.png */; };
		2982DE7716401D21002ECC0D /* Default@2x.png in Resources */ = {isa = PBXBuildFile; fileRef = 2982DE7616401D21002ECC0D /* Default@2x.png */; };
		2982DE7916401D21002ECC0D /* Default-568h@2x.png in Resources */ = {isa = PBXBuildFile; fileRef = 2982DE7816401D21002ECC0D /* Default-568h@2x.png */; };
		2982DE7C16401D21002ECC0D /* ViewController.m in Sources */ = {isa = PBXBuildFile; fileRef = 2982DE7B16401D21002ECC0D /* ViewController.m */; };
		2982DE7F16401D21002ECC0D /* ViewController.xib in Resources */ = {isa = PBXBuildFile; fileRef = 2982DE7D16401D21002ECC0D /* ViewController.xib */; };
		299A2F2F16415A4D0008477C /* Apps.plist in Resources */ = {isa = PBXBuildFile; fileRef = 299A2F2E16415A4D0008477C /* Apps.plist */; };
/* End PBXBuildFile section */

/* Begin PBXFileReference section */
		2982DE5E16401D21002ECC0D /* FilesHandling.app */ = {isa = PBXFileReference; explicitFileType = wrapper.application; includeInIndex = 0; path = FilesHandling.app; sourceTree = BUILT_PRODUCTS_DIR; };
		2982DE6216401D21002ECC0D /* UIKit.framework */ = {isa = PBXFileReference; lastKnownFileType = wrapper.framework; name = UIKit.framework; path = System/Library/Frameworks/UIKit.framework; sourceTree = SDKROOT; };
		2982DE6416401D21002ECC0D /* Foundation.framework */ = {isa = PBXFileReference; lastKnownFileType = wrapper.framework; name = Foundation.framework; path = System/Library/Frameworks/Foundation.framework; sourceTree = SDKROOT; };
		2982DE6616401D21002ECC0D /* CoreGraphics.framework */ = {isa = PBXFileReference; lastKnownFileType = wrapper.framework; name = CoreGraphics.framework; path = System/Library/Frameworks/CoreGraphics.framework; sourceTree = SDKROOT; };
		2982DE6A16401D21002ECC0D /* FilesHandling-Info.plist */ = {isa = PBXFileReference; lastKnownFileType = text.plist.xml; path = "FilesHandling-Info.plist"; sourceTree = "<group>"; };
		2982DE6C16401D21002ECC0D /* en */ = {isa = PBXFileReference; lastKnownFileType = text.plist.strings; name = en; path = en.lproj/InfoPlist.strings; sourceTree = "<group>"; };
		2982DE6E16401D21002ECC0D /* main.m */ = {isa = PBXFileReference; lastKnownFileType = sourcecode.c.objc; path = main.m; sourceTree = "<group>"; };
		2982DE7016401D21002ECC0D /* FilesHandling-Prefix.pch */ = {isa = PBXFileReference; lastKnownFileType = sourcecode.c.h; path = "FilesHandling-Prefix.pch"; sourceTree = "<group>"; };
		2982DE7116401D21002ECC0D /* AppDelegate.h */ = {isa = PBXFileReference; lastKnownFileType = sourcecode.c.h; path = AppDelegate.h; sourceTree = "<group>"; };
		2982DE7216401D21002ECC0D /* AppDelegate.m */ = {isa = PBXFileReference; lastKnownFileType = sourcecode.c.objc; path = AppDelegate.m; sourceTree = "<group>"; };
		2982DE7416401D21002ECC0D /* Default.png */ = {isa = PBXFileReference; lastKnownFileType = image.png; path = Default.png; sourceTree = "<group>"; };
		2982DE7616401D21002ECC0D /* Default@2x.png */ = {isa = PBXFileReference; lastKnownFileType = image.png; path = "Default@2x.png"; sourceTree = "<group>"; };
		2982DE7816401D21002ECC0D /* Default-568h@2x.png */ = {isa = PBXFileReference; lastKnownFileType = image.png; path = "Default-568h@2x.png"; sourceTree = "<group>"; };
		2982DE7A16401D21002ECC0D /* ViewController.h */ = {isa = PBXFileReference; lastKnownFileType = sourcecode.c.h; path = ViewController.h; sourceTree = "<group>"; };
		2982DE7B16401D21002ECC0D /* ViewController.m */ = {isa = PBXFileReference; lastKnownFileType = sourcecode.c.objc; path = ViewController.m; sourceTree = "<group>"; };
		2982DE7E16401D21002ECC0D /* en */ = {isa = PBXFileReference; lastKnownFileType = file.xib; name = en; path = en.lproj/ViewController.xib; sourceTree = "<group>"; };
		299A2F2E16415A4D0008477C /* Apps.plist */ = {isa = PBXFileReference; fileEncoding = 4; lastKnownFileType = text.plist.xml; path = Apps.plist; sourceTree = "<group>"; };
/* End PBXFileReference section */

/* Begin PBXFrameworksBuildPhase section */
		2982DE5B16401D21002ECC0D /* Frameworks */ = {
			isa = PBXFrameworksBuildPhase;
			buildActionMask = 2147483647;
			files = (
				2982DE6316401D21002ECC0D /* UIKit.framework in Frameworks */,
				2982DE6516401D21002ECC0D /* Foundation.framework in Frameworks */,
				2982DE6716401D21002ECC0D /* CoreGraphics.framework in Frameworks */,
			);
			runOnlyForDeploymentPostprocessing = 0;
		};
/* End PBXFrameworksBuildPhase section */

/* Begin PBXGroup section */
		2982DE5316401D21002ECC0D = {
			isa = PBXGroup;
			children = (
				2982DE6816401D21002ECC0D /* FilesHandling */,
				2982DE6116401D21002ECC0D /* Frameworks */,
				2982DE5F16401D21002ECC0D /* Products */,
			);
			sourceTree = "<group>";
		};
		2982DE5F16401D21002ECC0D /* Products */ = {
			isa = PBXGroup;
			children = (
				2982DE5E16401D21002ECC0D /* FilesHandling.app */,
			);
			name = Products;
			sourceTree = "<group>";
		};
		2982DE6116401D21002ECC0D /* Frameworks */ = {
			isa = PBXGroup;
			children = (
				2982DE6216401D21002ECC0D /* UIKit.framework */,
				2982DE6416401D21002ECC0D /* Foundation.framework */,
				2982DE6616401D21002ECC0D /* CoreGraphics.framework */,
			);
			name = Frameworks;
			sourceTree = "<group>";
		};
		2982DE6816401D21002ECC0D /* FilesHandling */ = {
			isa = PBXGroup;
			children = (
				2982DE7116401D21002ECC0D /* AppDelegate.h */,
				2982DE7216401D21002ECC0D /* AppDelegate.m */,
				2982DE7A16401D21002ECC0D /* ViewController.h */,
				2982DE7B16401D21002ECC0D /* ViewController.m */,
				2982DE7D16401D21002ECC0D /* ViewController.xib */,
				2982DE6916401D21002ECC0D /* Supporting Files */,
			);
			path = FilesHandling;
			sourceTree = "<group>";
		};
		2982DE6916401D21002ECC0D /* Supporting Files */ = {
			isa = PBXGroup;
			children = (
				299A2F2E16415A4D0008477C /* Apps.plist */,
				2982DE6A16401D21002ECC0D /* FilesHandling-Info.plist */,
				2982DE6B16401D21002ECC0D /* InfoPlist.strings */,
				2982DE6E16401D21002ECC0D /* main.m */,
				2982DE7016401D21002ECC0D /* FilesHandling-Prefix.pch */,
				2982DE7416401D21002ECC0D /* Default.png */,
				2982DE7616401D21002ECC0D /* Default@2x.png */,
				2982DE7816401D21002ECC0D /* Default-568h@2x.png */,
			);
			name = "Supporting Files";
			sourceTree = "<group>";
		};
/* End PBXGroup section */

/* Begin PBXNativeTarget section */
		2982DE5D16401D21002ECC0D /* FilesHandling */ = {
			isa = PBXNativeTarget;
			buildConfigurationList = 2982DE8216401D21002ECC0D /* Build configuration list for PBXNativeTarget "FilesHandling" */;
			buildPhases = (
				2982DE5A16401D21002ECC0D /* Sources */,
				2982DE5B16401D21002ECC0D /* Frameworks */,
				2982DE5C16401D21002ECC0D /* Resources */,
			);
			buildRules = (
			);
			dependencies = (
			);
			name = FilesHandling;
			productName = FilesHandling;
			productReference = 2982DE5E16401D21002ECC0D /* FilesHandling.app */;
			productType = "com.apple.product-type.application";
		};
/* End PBXNativeTarget section */

/* Begin PBXProject section */
		2982DE5516401D21002ECC0D /* Project object */ = {
			isa = PBXProject;
			attributes = {
				LastUpgradeCheck = 0450;
				ORGANIZATIONNAME = WYP;
			};
			buildConfigurationList = 2982DE5816401D21002ECC0D /* Build configuration list for PBXProject "FilesHandling" */;
			compatibilityVersion = "Xcode 3.2";
			developmentRegion = English;
			hasScannedForEncodings = 0;
			knownRegions = (
				en,
			);
			mainGroup = 2982DE5316401D21002ECC0D;
			productRefGroup = 2982DE5F16401D21002ECC0D /* Products */;
			projectDirPath = "";
			projectRoot = "";
			targets = (
				2982DE5D16401D21002ECC0D /* FilesHandling */,
			);
		};
/* End PBXProject section */

/* Begin PBXResourcesBuildPhase section */
		2982DE5C16401D21002ECC0D /* Resources */ = {
			isa = PBXResourcesBuildPhase;
			buildActionMask = 2147483647;
			files = (
				2982DE6D16401D21002ECC0D /* InfoPlist.strings in Resources */,
				2982DE7516401D21002ECC0D /* Default.png in Resources */,
				2982DE7716401D21002ECC0D /* Default@2x.png in Resources */,
				2982DE7916401D21002ECC0D /* Default-568h@2x.png in Resources */,
				2982DE7F16401D21002ECC0D /* ViewController.xib in Resources */,
				299A2F2F16415A4D0008477C /* Apps.plist in Resources */,
			);
			runOnlyForDeploymentPostprocessing = 0;
		};
/* End PBXResourcesBuildPhase section */

/* Begin PBXSourcesBuildPhase section */
		2982DE5A16401D21002ECC0D /* Sources */ = {
			isa = PBXSourcesBuildPhase;
			buildActionMask = 2147483647;
			files = (
				2982DE6F16401D21002ECC0D /* main.m in Sources */,
				2982DE7316401D21002ECC0D /* AppDelegate.m in Sources */,
				2982DE7C16401D21002ECC0D /* ViewController.m in Sources */,
			);
			runOnlyForDeploymentPostprocessing = 0;
		};
/* End PBXSourcesBuildPhase section */

/* Begin PBXVariantGroup section */
		2982DE6B16401D21002ECC0D /* InfoPlist.strings */ = {
			isa = PBXVariantGroup;
			children = (
				2982DE6C16401D21002ECC0D /* en */,
			);
			name = InfoPlist.strings;
			sourceTree = "<group>";
		};
		2982DE7D16401D21002ECC0D /* ViewController.xib */ = {
			isa = PBXVariantGroup;
			children = (
				2982DE7E16401D21002ECC0D /* en */,
			);
			name = ViewController.xib;
			sourceTree = "<group>";
		};
/* End PBXVariantGroup section */

/* Begin XCBuildConfiguration section */
		2982DE8016401D21002ECC0D /* Debug */ = {
			isa = XCBuildConfiguration;
			buildSettings = {
				ALWAYS_SEARCH_USER_PATHS = NO;
				CLANG_CXX_LANGUAGE_STANDARD = "gnu++0x";
				CLANG_CXX_LIBRARY = "libc++";
				CLANG_WARN_EMPTY_BODY = YES;
				CLANG_WARN__DUPLICATE_METHOD_MATCH = YES;
				"CODE_SIGN_IDENTITY[sdk=iphoneos*]" = "iPhone Developer";
				COPY_PHASE_STRIP = NO;
				GCC_C_LANGUAGE_STANDARD = gnu99;
				GCC_DYNAMIC_NO_PIC = NO;
				GCC_OPTIMIZATION_LEVEL = 0;
				GCC_PREPROCESSOR_DEFINITIONS = (
					"DEBUG=1",
					"$(inherited)",
				);
				GCC_SYMBOLS_PRIVATE_EXTERN = NO;
				GCC_WARN_ABOUT_RETURN_TYPE = YES;
				GCC_WARN_UNINITIALIZED_AUTOS = YES;
				GCC_WARN_UNUSED_VARIABLE = YES;
				IPHONEOS_DEPLOYMENT_TARGET = 6.0;
				ONLY_ACTIVE_ARCH = YES;
				SDKROOT = iphoneos;
			};
			name = Debug;
		};
		2982DE8116401D21002ECC0D /* Release */ = {
			isa = XCBuildConfiguration;
			buildSettings = {
				ALWAYS_SEARCH_USER_PATHS = NO;
				CLANG_CXX_LANGUAGE_STANDARD = "gnu++0x";
				CLANG_CXX_LIBRARY = "libc++";
				CLANG_WARN_EMPTY_BODY = YES;
				CLANG_WARN__DUPLICATE_METHOD_MATCH = YES;
				"CODE_SIGN_IDENTITY[sdk=iphoneos*]" = "iPhone Developer";
				COPY_PHASE_STRIP = YES;
				GCC_C_LANGUAGE_STANDARD = gnu99;
				GCC_WARN_ABOUT_RETURN_TYPE = YES;
				GCC_WARN_UNINITIALIZED_AUTOS = YES;
				GCC_WARN_UNUSED_VARIABLE = YES;
				IPHONEOS_DEPLOYMENT_TARGET = 6.0;
				OTHER_CFLAGS = "-DNS_BLOCK_ASSERTIONS=1";
				SDKROOT = iphoneos;
				VALIDATE_PRODUCT = YES;
			};
			name = Release;
		};
		2982DE8316401D21002ECC0D /* Debug */ = {
			isa = XCBuildConfiguration;
			buildSettings = {
				GCC_PRECOMPILE_PREFIX_HEADER = YES;
				GCC_PREFIX_HEADER = "FilesHandling/FilesHandling-Prefix.pch";
				INFOPLIST_FILE = "FilesHandling/FilesHandling-Info.plist";
				PRODUCT_NAME = "$(TARGET_NAME)";
				WRAPPER_EXTENSION = app;
			};
			name = Debug;
		};
		2982DE8416401D21002ECC0D /* Release */ = {
			isa = XCBuildConfiguration;
			buildSettings = {
				GCC_PRECOMPILE_PREFIX_HEADER = YES;
				GCC_PREFIX_HEADER = "FilesHandling/FilesHandling-Prefix.pch";
				INFOPLIST_FILE = "FilesHandling/FilesHandling-Info.plist";
				PRODUCT_NAME = "$(TARGET_NAME)";
				WRAPPER_EXTENSION = app;
			};
			name = Release;
		};
/* End XCBuildConfiguration section */

/* Begin XCConfigurationList section */
		2982DE5816401D21002ECC0D /* Build configuration list for PBXProject "FilesHandling" */ = {
			isa = XCConfigurationList;
			buildConfigurations = (
				2982DE8016401D21002ECC0D /* Debug */,
				2982DE8116401D21002ECC0D /* Release */,
			);
			defaultConfigurationIsVisible = 0;
			defaultConfigurationName = Release;
		};
		2982DE8216401D21002ECC0D /* Build configuration list for PBXNativeTarget "FilesHandling" */ = {
			isa = XCConfigurationList;
			buildConfigurations = (
				2982DE8316401D21002ECC0D /* Debug */,
				2982DE8416401D21002ECC0D /* Release */,
			);
			defaultConfigurationIsVisible = 0;
			defaultConfigurationName = Release;
		};
/* End XCConfigurationList section */
	};
	rootObject = 2982DE5516401D21002ECC0D /* Project object */;
}
