// !$*UTF8*$!
{
	archiveVersion = 1;
	classes = {
	};
	objectVersion = 46;
	objects = {

/* Begin PBXBuildFile section */
		2913AC29163BE87400F1B9D8 /* UIKit.framework in Frameworks */ = {isa = PBXBuildFile; fileRef = 2913AC28163BE87400F1B9D8 /* UIKit.framework */; };
		2913AC2B163BE87400F1B9D8 /* Foundation.framework in Frameworks */ = {isa = PBXBuildFile; fileRef = 2913AC2A163BE87400F1B9D8 /* Foundation.framework */; };
		2913AC2D163BE87400F1B9D8 /* CoreGraphics.framework in Frameworks */ = {isa = PBXBuildFile; fileRef = 2913AC2C163BE87400F1B9D8 /* CoreGraphics.framework */; };
		2913AC33163BE87400F1B9D8 /* InfoPlist.strings in Resources */ = {isa = PBXBuildFile; fileRef = 2913AC31163BE87400F1B9D8 /* InfoPlist.strings */; };
		2913AC35163BE87400F1B9D8 /* main.m in Sources */ = {isa = PBXBuildFile; fileRef = 2913AC34163BE87400F1B9D8 /* main.m */; };
		2913AC39163BE87400F1B9D8 /* AppDelegate.m in Sources */ = {isa = PBXBuildFile; fileRef = 2913AC38163BE87400F1B9D8 /* AppDelegate.m */; };
		2913AC3B163BE87400F1B9D8 /* Default.png in Resources */ = {isa = PBXBuildFile; fileRef = 2913AC3A163BE87400F1B9D8 /* Default.png */; };
		2913AC3D163BE87400F1B9D8 /* Default@2x.png in Resources */ = {isa = PBXBuildFile; fileRef = 2913AC3C163BE87400F1B9D8 /* Default@2x.png */; };
		2913AC3F163BE87400F1B9D8 /* Default-568h@2x.png in Resources */ = {isa = PBXBuildFile; fileRef = 2913AC3E163BE87400F1B9D8 /* Default-568h@2x.png */; };
		2913AC42163BE87400F1B9D8 /* MasterViewController.m in Sources */ = {isa = PBXBuildFile; fileRef = 2913AC41163BE87400F1B9D8 /* MasterViewController.m */; };
		2913AC45163BE87400F1B9D8 /* DetailViewController.m in Sources */ = {isa = PBXBuildFile; fileRef = 2913AC44163BE87400F1B9D8 /* DetailViewController.m */; };
		2913AC48163BE87400F1B9D8 /* MasterViewController.xib in Resources */ = {isa = PBXBuildFile; fileRef = 2913AC46163BE87400F1B9D8 /* MasterViewController.xib */; };
		2913AC4B163BE87400F1B9D8 /* DetailViewController.xib in Resources */ = {isa = PBXBuildFile; fileRef = 2913AC49163BE87400F1B9D8 /* DetailViewController.xib */; };
		2913AC52163BE97800F1B9D8 /* Movies.plist in Resources */ = {isa = PBXBuildFile; fileRef = 2913AC51163BE97800F1B9D8 /* Movies.plist */; };
/* End PBXBuildFile section */

/* Begin PBXFileReference section */
		2913AC24163BE87400F1B9D8 /* TableView.app */ = {isa = PBXFileReference; explicitFileType = wrapper.application; includeInIndex = 0; path = TableView.app; sourceTree = BUILT_PRODUCTS_DIR; };
		2913AC28163BE87400F1B9D8 /* UIKit.framework */ = {isa = PBXFileReference; lastKnownFileType = wrapper.framework; name = UIKit.framework; path = System/Library/Frameworks/UIKit.framework; sourceTree = SDKROOT; };
		2913AC2A163BE87400F1B9D8 /* Foundation.framework */ = {isa = PBXFileReference; lastKnownFileType = wrapper.framework; name = Foundation.framework; path = System/Library/Frameworks/Foundation.framework; sourceTree = SDKROOT; };
		2913AC2C163BE87400F1B9D8 /* CoreGraphics.framework */ = {isa = PBXFileReference; lastKnownFileType = wrapper.framework; name = CoreGraphics.framework; path = System/Library/Frameworks/CoreGraphics.framework; sourceTree = SDKROOT; };
		2913AC30163BE87400F1B9D8 /* TableView-Info.plist */ = {isa = PBXFileReference; lastKnownFileType = text.plist.xml; path = "TableView-Info.plist"; sourceTree = "<group>"; };
		2913AC32163BE87400F1B9D8 /* en */ = {isa = PBXFileReference; lastKnownFileType = text.plist.strings; name = en; path = en.lproj/InfoPlist.strings; sourceTree = "<group>"; };
		2913AC34163BE87400F1B9D8 /* main.m */ = {isa = PBXFileReference; lastKnownFileType = sourcecode.c.objc; path = main.m; sourceTree = "<group>"; };
		2913AC36163BE87400F1B9D8 /* TableView-Prefix.pch */ = {isa = PBXFileReference; lastKnownFileType = sourcecode.c.h; path = "TableView-Prefix.pch"; sourceTree = "<group>"; };
		2913AC37163BE87400F1B9D8 /* AppDelegate.h */ = {isa = PBXFileReference; lastKnownFileType = sourcecode.c.h; path = AppDelegate.h; sourceTree = "<group>"; };
		2913AC38163BE87400F1B9D8 /* AppDelegate.m */ = {isa = PBXFileReference; lastKnownFileType = sourcecode.c.objc; path = AppDelegate.m; sourceTree = "<group>"; };
		2913AC3A163BE87400F1B9D8 /* Default.png */ = {isa = PBXFileReference; lastKnownFileType = image.png; path = Default.png; sourceTree = "<group>"; };
		2913AC3C163BE87400F1B9D8 /* Default@2x.png */ = {isa = PBXFileReference; lastKnownFileType = image.png; path = "Default@2x.png"; sourceTree = "<group>"; };
		2913AC3E163BE87400F1B9D8 /* Default-568h@2x.png */ = {isa = PBXFileReference; lastKnownFileType = image.png; path = "Default-568h@2x.png"; sourceTree = "<group>"; };
		2913AC40163BE87400F1B9D8 /* MasterViewController.h */ = {isa = PBXFileReference; lastKnownFileType = sourcecode.c.h; path = MasterViewController.h; sourceTree = "<group>"; };
		2913AC41163BE87400F1B9D8 /* MasterViewController.m */ = {isa = PBXFileReference; lastKnownFileType = sourcecode.c.objc; path = MasterViewController.m; sourceTree = "<group>"; };
		2913AC43163BE87400F1B9D8 /* DetailViewController.h */ = {isa = PBXFileReference; lastKnownFileType = sourcecode.c.h; path = DetailViewController.h; sourceTree = "<group>"; };
		2913AC44163BE87400F1B9D8 /* DetailViewController.m */ = {isa = PBXFileReference; lastKnownFileType = sourcecode.c.objc; path = DetailViewController.m; sourceTree = "<group>"; };
		2913AC47163BE87400F1B9D8 /* en */ = {isa = PBXFileReference; lastKnownFileType = file.xib; name = en; path = en.lproj/MasterViewController.xib; sourceTree = "<group>"; };
		2913AC4A163BE87400F1B9D8 /* en */ = {isa = PBXFileReference; lastKnownFileType = file.xib; name = en; path = en.lproj/DetailViewController.xib; sourceTree = "<group>"; };
		2913AC51163BE97800F1B9D8 /* Movies.plist */ = {isa = PBXFileReference; fileEncoding = 4; lastKnownFileType = text.plist.xml; path = Movies.plist; sourceTree = "<group>"; };
/* End PBXFileReference section */

/* Begin PBXFrameworksBuildPhase section */
		2913AC21163BE87400F1B9D8 /* Frameworks */ = {
			isa = PBXFrameworksBuildPhase;
			buildActionMask = 2147483647;
			files = (
				2913AC29163BE87400F1B9D8 /* UIKit.framework in Frameworks */,
				2913AC2B163BE87400F1B9D8 /* Foundation.framework in Frameworks */,
				2913AC2D163BE87400F1B9D8 /* CoreGraphics.framework in Frameworks */,
			);
			runOnlyForDeploymentPostprocessing = 0;
		};
/* End PBXFrameworksBuildPhase section */

/* Begin PBXGroup section */
		2913AC19163BE87400F1B9D8 = {
			isa = PBXGroup;
			children = (
				2913AC2E163BE87400F1B9D8 /* TableView */,
				2913AC27163BE87400F1B9D8 /* Frameworks */,
				2913AC25163BE87400F1B9D8 /* Products */,
			);
			sourceTree = "<group>";
		};
		2913AC25163BE87400F1B9D8 /* Products */ = {
			isa = PBXGroup;
			children = (
				2913AC24163BE87400F1B9D8 /* TableView.app */,
			);
			name = Products;
			sourceTree = "<group>";
		};
		2913AC27163BE87400F1B9D8 /* Frameworks */ = {
			isa = PBXGroup;
			children = (
				2913AC28163BE87400F1B9D8 /* UIKit.framework */,
				2913AC2A163BE87400F1B9D8 /* Foundation.framework */,
				2913AC2C163BE87400F1B9D8 /* CoreGraphics.framework */,
			);
			name = Frameworks;
			sourceTree = "<group>";
		};
		2913AC2E163BE87400F1B9D8 /* TableView */ = {
			isa = PBXGroup;
			children = (
				2913AC37163BE87400F1B9D8 /* AppDelegate.h */,
				2913AC38163BE87400F1B9D8 /* AppDelegate.m */,
				2913AC40163BE87400F1B9D8 /* MasterViewController.h */,
				2913AC41163BE87400F1B9D8 /* MasterViewController.m */,
				2913AC43163BE87400F1B9D8 /* DetailViewController.h */,
				2913AC44163BE87400F1B9D8 /* DetailViewController.m */,
				2913AC46163BE87400F1B9D8 /* MasterViewController.xib */,
				2913AC49163BE87400F1B9D8 /* DetailViewController.xib */,
				2913AC2F163BE87400F1B9D8 /* Supporting Files */,
			);
			path = TableView;
			sourceTree = "<group>";
		};
		2913AC2F163BE87400F1B9D8 /* Supporting Files */ = {
			isa = PBXGroup;
			children = (
				2913AC51163BE97800F1B9D8 /* Movies.plist */,
				2913AC30163BE87400F1B9D8 /* TableView-Info.plist */,
				2913AC31163BE87400F1B9D8 /* InfoPlist.strings */,
				2913AC34163BE87400F1B9D8 /* main.m */,
				2913AC36163BE87400F1B9D8 /* TableView-Prefix.pch */,
				2913AC3A163BE87400F1B9D8 /* Default.png */,
				2913AC3C163BE87400F1B9D8 /* Default@2x.png */,
				2913AC3E163BE87400F1B9D8 /* Default-568h@2x.png */,
			);
			name = "Supporting Files";
			sourceTree = "<group>";
		};
/* End PBXGroup section */

/* Begin PBXNativeTarget section */
		2913AC23163BE87400F1B9D8 /* TableView */ = {
			isa = PBXNativeTarget;
			buildConfigurationList = 2913AC4E163BE87400F1B9D8 /* Build configuration list for PBXNativeTarget "TableView" */;
			buildPhases = (
				2913AC20163BE87400F1B9D8 /* Sources */,
				2913AC21163BE87400F1B9D8 /* Frameworks */,
				2913AC22163BE87400F1B9D8 /* Resources */,
			);
			buildRules = (
			);
			dependencies = (
			);
			name = TableView;
			productName = TableView;
			productReference = 2913AC24163BE87400F1B9D8 /* TableView.app */;
			productType = "com.apple.product-type.application";
		};
/* End PBXNativeTarget section */

/* Begin PBXProject section */
		2913AC1B163BE87400F1B9D8 /* Project object */ = {
			isa = PBXProject;
			attributes = {
				LastUpgradeCheck = 0450;
				ORGANIZATIONNAME = WYP;
			};
			buildConfigurationList = 2913AC1E163BE87400F1B9D8 /* Build configuration list for PBXProject "TableView" */;
			compatibilityVersion = "Xcode 3.2";
			developmentRegion = English;
			hasScannedForEncodings = 0;
			knownRegions = (
				en,
			);
			mainGroup = 2913AC19163BE87400F1B9D8;
			productRefGroup = 2913AC25163BE87400F1B9D8 /* Products */;
			projectDirPath = "";
			projectRoot = "";
			targets = (
				2913AC23163BE87400F1B9D8 /* TableView */,
			);
		};
/* End PBXProject section */

/* Begin PBXResourcesBuildPhase section */
		2913AC22163BE87400F1B9D8 /* Resources */ = {
			isa = PBXResourcesBuildPhase;
			buildActionMask = 2147483647;
			files = (
				2913AC33163BE87400F1B9D8 /* InfoPlist.strings in Resources */,
				2913AC3B163BE87400F1B9D8 /* Default.png in Resources */,
				2913AC3D163BE87400F1B9D8 /* Default@2x.png in Resources */,
				2913AC3F163BE87400F1B9D8 /* Default-568h@2x.png in Resources */,
				2913AC48163BE87400F1B9D8 /* MasterViewController.xib in Resources */,
				2913AC4B163BE87400F1B9D8 /* DetailViewController.xib in Resources */,
				2913AC52163BE97800F1B9D8 /* Movies.plist in Resources */,
			);
			runOnlyForDeploymentPostprocessing = 0;
		};
/* End PBXResourcesBuildPhase section */

/* Begin PBXSourcesBuildPhase section */
		2913AC20163BE87400F1B9D8 /* Sources */ = {
			isa = PBXSourcesBuildPhase;
			buildActionMask = 2147483647;
			files = (
				2913AC35163BE87400F1B9D8 /* main.m in Sources */,
				2913AC39163BE87400F1B9D8 /* AppDelegate.m in Sources */,
				2913AC42163BE87400F1B9D8 /* MasterViewController.m in Sources */,
				2913AC45163BE87400F1B9D8 /* DetailViewController.m in Sources */,
			);
			runOnlyForDeploymentPostprocessing = 0;
		};
/* End PBXSourcesBuildPhase section */

/* Begin PBXVariantGroup section */
		2913AC31163BE87400F1B9D8 /* InfoPlist.strings */ = {
			isa = PBXVariantGroup;
			children = (
				2913AC32163BE87400F1B9D8 /* en */,
			);
			name = InfoPlist.strings;
			sourceTree = "<group>";
		};
		2913AC46163BE87400F1B9D8 /* MasterViewController.xib */ = {
			isa = PBXVariantGroup;
			children = (
				2913AC47163BE87400F1B9D8 /* en */,
			);
			name = MasterViewController.xib;
			sourceTree = "<group>";
		};
		2913AC49163BE87400F1B9D8 /* DetailViewController.xib */ = {
			isa = PBXVariantGroup;
			children = (
				2913AC4A163BE87400F1B9D8 /* en */,
			);
			name = DetailViewController.xib;
			sourceTree = "<group>";
		};
/* End PBXVariantGroup section */

/* Begin XCBuildConfiguration section */
		2913AC4C163BE87400F1B9D8 /* Debug */ = {
			isa = XCBuildConfiguration;
			buildSettings = {
				ALWAYS_SEARCH_USER_PATHS = NO;
				CLANG_CXX_LANGUAGE_STANDARD = "gnu++0x";
				CLANG_CXX_LIBRARY = "libc++";
				CLANG_WARN_EMPTY_BODY = YES;
				CLANG_WARN__DUPLICATE_METHOD_MATCH = YES;
				"CODE_SIGN_IDENTITY[sdk=iphoneos*]" = "iPhone Developer";
				COPY_PHASE_STRIP = NO;
				GCC_C_LANGUAGE_STANDARD = gnu99;
				GCC_DYNAMIC_NO_PIC = NO;
				GCC_OPTIMIZATION_LEVEL = 0;
				GCC_PREPROCESSOR_DEFINITIONS = (
					"DEBUG=1",
					"$(inherited)",
				);
				GCC_SYMBOLS_PRIVATE_EXTERN = NO;
				GCC_WARN_ABOUT_RETURN_TYPE = YES;
				GCC_WARN_UNINITIALIZED_AUTOS = YES;
				GCC_WARN_UNUSED_VARIABLE = YES;
				IPHONEOS_DEPLOYMENT_TARGET = 6.0;
				ONLY_ACTIVE_ARCH = YES;
				SDKROOT = iphoneos;
			};
			name = Debug;
		};
		2913AC4D163BE87400F1B9D8 /* Release */ = {
			isa = XCBuildConfiguration;
			buildSettings = {
				ALWAYS_SEARCH_USER_PATHS = NO;
				CLANG_CXX_LANGUAGE_STANDARD = "gnu++0x";
				CLANG_CXX_LIBRARY = "libc++";
				CLANG_WARN_EMPTY_BODY = YES;
				CLANG_WARN__DUPLICATE_METHOD_MATCH = YES;
				"CODE_SIGN_IDENTITY[sdk=iphoneos*]" = "iPhone Developer";
				COPY_PHASE_STRIP = YES;
				GCC_C_LANGUAGE_STANDARD = gnu99;
				GCC_WARN_ABOUT_RETURN_TYPE = YES;
				GCC_WARN_UNINITIALIZED_AUTOS = YES;
				GCC_WARN_UNUSED_VARIABLE = YES;
				IPHONEOS_DEPLOYMENT_TARGET = 6.0;
				OTHER_CFLAGS = "-DNS_BLOCK_ASSERTIONS=1";
				SDKROOT = iphoneos;
				VALIDATE_PRODUCT = YES;
			};
			name = Release;
		};
		2913AC4F163BE87400F1B9D8 /* Debug */ = {
			isa = XCBuildConfiguration;
			buildSettings = {
				GCC_PRECOMPILE_PREFIX_HEADER = YES;
				GCC_PREFIX_HEADER = "TableView/TableView-Prefix.pch";
				INFOPLIST_FILE = "TableView/TableView-Info.plist";
				PRODUCT_NAME = "$(TARGET_NAME)";
				WRAPPER_EXTENSION = app;
			};
			name = Debug;
		};
		2913AC50163BE87400F1B9D8 /* Release */ = {
			isa = XCBuildConfiguration;
			buildSettings = {
				GCC_PRECOMPILE_PREFIX_HEADER = YES;
				GCC_PREFIX_HEADER = "TableView/TableView-Prefix.pch";
				INFOPLIST_FILE = "TableView/TableView-Info.plist";
				PRODUCT_NAME = "$(TARGET_NAME)";
				WRAPPER_EXTENSION = app;
			};
			name = Release;
		};
/* End XCBuildConfiguration section */

/* Begin XCConfigurationList section */
		2913AC1E163BE87400F1B9D8 /* Build configuration list for PBXProject "TableView" */ = {
			isa = XCConfigurationList;
			buildConfigurations = (
				2913AC4C163BE87400F1B9D8 /* Debug */,
				2913AC4D163BE87400F1B9D8 /* Release */,
			);
			defaultConfigurationIsVisible = 0;
			defaultConfigurationName = Release;
		};
		2913AC4E163BE87400F1B9D8 /* Build configuration list for PBXNativeTarget "TableView" */ = {
			isa = XCConfigurationList;
			buildConfigurations = (
				2913AC4F163BE87400F1B9D8 /* Debug */,
				2913AC50163BE87400F1B9D8 /* Release */,
			);
			defaultConfigurationIsVisible = 0;
		};
/* End XCConfigurationList section */
	};
	rootObject = 2913AC1B163BE87400F1B9D8 /* Project object */;
}
