// !$*UTF8*$!
{
	archiveVersion = 1;
	classes = {
	};
	objectVersion = 46;
	objects = {

/* Begin PBXBuildFile section */
		2913ABF5163BDC1900F1B9D8 /* UIKit.framework in Frameworks */ = {isa = PBXBuildFile; fileRef = 2913ABF4163BDC1900F1B9D8 /* UIKit.framework */; };
		2913ABF7163BDC1900F1B9D8 /* Foundation.framework in Frameworks */ = {isa = PBXBuildFile; fileRef = 2913ABF6163BDC1900F1B9D8 /* Foundation.framework */; };
		2913ABF9163BDC1900F1B9D8 /* CoreGraphics.framework in Frameworks */ = {isa = PBXBuildFile; fileRef = 2913ABF8163BDC1900F1B9D8 /* CoreGraphics.framework */; };
		2913ABFF163BDC1900F1B9D8 /* InfoPlist.strings in Resources */ = {isa = PBXBuildFile; fileRef = 2913ABFD163BDC1900F1B9D8 /* InfoPlist.strings */; };
		2913AC01163BDC1900F1B9D8 /* main.m in Sources */ = {isa = PBXBuildFile; fileRef = 2913AC00163BDC1900F1B9D8 /* main.m */; };
		2913AC05163BDC1900F1B9D8 /* AppDelegate.m in Sources */ = {isa = PBXBuildFile; fileRef = 2913AC04163BDC1900F1B9D8 /* AppDelegate.m */; };
		2913AC07163BDC1900F1B9D8 /* Default.png in Resources */ = {isa = PBXBuildFile; fileRef = 2913AC06163BDC1900F1B9D8 /* Default.png */; };
		2913AC09163BDC1900F1B9D8 /* Default@2x.png in Resources */ = {isa = PBXBuildFile; fileRef = 2913AC08163BDC1900F1B9D8 /* Default@2x.png */; };
		2913AC0B163BDC1900F1B9D8 /* Default-568h@2x.png in Resources */ = {isa = PBXBuildFile; fileRef = 2913AC0A163BDC1900F1B9D8 /* Default-568h@2x.png */; };
		2913AC0E163BDC1900F1B9D8 /* ViewController.m in Sources */ = {isa = PBXBuildFile; fileRef = 2913AC0D163BDC1900F1B9D8 /* ViewController.m */; };
		2913AC11163BDC1900F1B9D8 /* ViewController.xib in Resources */ = {isa = PBXBuildFile; fileRef = 2913AC0F163BDC1900F1B9D8 /* ViewController.xib */; };
		2913AC18163BE07D00F1B9D8 /* apple.jpeg in Resources */ = {isa = PBXBuildFile; fileRef = 2913AC17163BE07D00F1B9D8 /* apple.jpeg */; };
/* End PBXBuildFile section */

/* Begin PBXFileReference section */
		2913ABF0163BDC1900F1B9D8 /* TableViewExample.app */ = {isa = PBXFileReference; explicitFileType = wrapper.application; includeInIndex = 0; path = TableViewExample.app; sourceTree = BUILT_PRODUCTS_DIR; };
		2913ABF4163BDC1900F1B9D8 /* UIKit.framework */ = {isa = PBXFileReference; lastKnownFileType = wrapper.framework; name = UIKit.framework; path = System/Library/Frameworks/UIKit.framework; sourceTree = SDKROOT; };
		2913ABF6163BDC1900F1B9D8 /* Foundation.framework */ = {isa = PBXFileReference; lastKnownFileType = wrapper.framework; name = Foundation.framework; path = System/Library/Frameworks/Foundation.framework; sourceTree = SDKROOT; };
		2913ABF8163BDC1900F1B9D8 /* CoreGraphics.framework */ = {isa = PBXFileReference; lastKnownFileType = wrapper.framework; name = CoreGraphics.framework; path = System/Library/Frameworks/CoreGraphics.framework; sourceTree = SDKROOT; };
		2913ABFC163BDC1900F1B9D8 /* TableViewExample-Info.plist */ = {isa = PBXFileReference; lastKnownFileType = text.plist.xml; path = "TableViewExample-Info.plist"; sourceTree = "<group>"; };
		2913ABFE163BDC1900F1B9D8 /* en */ = {isa = PBXFileReference; lastKnownFileType = text.plist.strings; name = en; path = en.lproj/InfoPlist.strings; sourceTree = "<group>"; };
		2913AC00163BDC1900F1B9D8 /* main.m */ = {isa = PBXFileReference; lastKnownFileType = sourcecode.c.objc; path = main.m; sourceTree = "<group>"; };
		2913AC02163BDC1900F1B9D8 /* TableViewExample-Prefix.pch */ = {isa = PBXFileReference; lastKnownFileType = sourcecode.c.h; path = "TableViewExample-Prefix.pch"; sourceTree = "<group>"; };
		2913AC03163BDC1900F1B9D8 /* AppDelegate.h */ = {isa = PBXFileReference; lastKnownFileType = sourcecode.c.h; path = AppDelegate.h; sourceTree = "<group>"; };
		2913AC04163BDC1900F1B9D8 /* AppDelegate.m */ = {isa = PBXFileReference; lastKnownFileType = sourcecode.c.objc; path = AppDelegate.m; sourceTree = "<group>"; };
		2913AC06163BDC1900F1B9D8 /* Default.png */ = {isa = PBXFileReference; lastKnownFileType = image.png; path = Default.png; sourceTree = "<group>"; };
		2913AC08163BDC1900F1B9D8 /* Default@2x.png */ = {isa = PBXFileReference; lastKnownFileType = image.png; path = "Default@2x.png"; sourceTree = "<group>"; };
		2913AC0A163BDC1900F1B9D8 /* Default-568h@2x.png */ = {isa = PBXFileReference; lastKnownFileType = image.png; path = "Default-568h@2x.png"; sourceTree = "<group>"; };
		2913AC0C163BDC1900F1B9D8 /* ViewController.h */ = {isa = PBXFileReference; lastKnownFileType = sourcecode.c.h; path = ViewController.h; sourceTree = "<group>"; };
		2913AC0D163BDC1900F1B9D8 /* ViewController.m */ = {isa = PBXFileReference; lastKnownFileType = sourcecode.c.objc; path = ViewController.m; sourceTree = "<group>"; };
		2913AC10163BDC1900F1B9D8 /* en */ = {isa = PBXFileReference; lastKnownFileType = file.xib; name = en; path = en.lproj/ViewController.xib; sourceTree = "<group>"; };
		2913AC17163BE07D00F1B9D8 /* apple.jpeg */ = {isa = PBXFileReference; lastKnownFileType = image.jpeg; path = apple.jpeg; sourceTree = "<group>"; };
/* End PBXFileReference section */

/* Begin PBXFrameworksBuildPhase section */
		2913ABED163BDC1900F1B9D8 /* Frameworks */ = {
			isa = PBXFrameworksBuildPhase;
			buildActionMask = 2147483647;
			files = (
				2913ABF5163BDC1900F1B9D8 /* UIKit.framework in Frameworks */,
				2913ABF7163BDC1900F1B9D8 /* Foundation.framework in Frameworks */,
				2913ABF9163BDC1900F1B9D8 /* CoreGraphics.framework in Frameworks */,
			);
			runOnlyForDeploymentPostprocessing = 0;
		};
/* End PBXFrameworksBuildPhase section */

/* Begin PBXGroup section */
		2913ABE5163BDC1900F1B9D8 = {
			isa = PBXGroup;
			children = (
				2913ABFA163BDC1900F1B9D8 /* TableViewExample */,
				2913ABF3163BDC1900F1B9D8 /* Frameworks */,
				2913ABF1163BDC1900F1B9D8 /* Products */,
			);
			sourceTree = "<group>";
		};
		2913ABF1163BDC1900F1B9D8 /* Products */ = {
			isa = PBXGroup;
			children = (
				2913ABF0163BDC1900F1B9D8 /* TableViewExample.app */,
			);
			name = Products;
			sourceTree = "<group>";
		};
		2913ABF3163BDC1900F1B9D8 /* Frameworks */ = {
			isa = PBXGroup;
			children = (
				2913ABF4163BDC1900F1B9D8 /* UIKit.framework */,
				2913ABF6163BDC1900F1B9D8 /* Foundation.framework */,
				2913ABF8163BDC1900F1B9D8 /* CoreGraphics.framework */,
			);
			name = Frameworks;
			sourceTree = "<group>";
		};
		2913ABFA163BDC1900F1B9D8 /* TableViewExample */ = {
			isa = PBXGroup;
			children = (
				2913AC03163BDC1900F1B9D8 /* AppDelegate.h */,
				2913AC04163BDC1900F1B9D8 /* AppDelegate.m */,
				2913AC0C163BDC1900F1B9D8 /* ViewController.h */,
				2913AC0D163BDC1900F1B9D8 /* ViewController.m */,
				2913AC0F163BDC1900F1B9D8 /* ViewController.xib */,
				2913ABFB163BDC1900F1B9D8 /* Supporting Files */,
			);
			path = TableViewExample;
			sourceTree = "<group>";
		};
		2913ABFB163BDC1900F1B9D8 /* Supporting Files */ = {
			isa = PBXGroup;
			children = (
				2913AC17163BE07D00F1B9D8 /* apple.jpeg */,
				2913ABFC163BDC1900F1B9D8 /* TableViewExample-Info.plist */,
				2913ABFD163BDC1900F1B9D8 /* InfoPlist.strings */,
				2913AC00163BDC1900F1B9D8 /* main.m */,
				2913AC02163BDC1900F1B9D8 /* TableViewExample-Prefix.pch */,
				2913AC06163BDC1900F1B9D8 /* Default.png */,
				2913AC08163BDC1900F1B9D8 /* Default@2x.png */,
				2913AC0A163BDC1900F1B9D8 /* Default-568h@2x.png */,
			);
			name = "Supporting Files";
			sourceTree = "<group>";
		};
/* End PBXGroup section */

/* Begin PBXNativeTarget section */
		2913ABEF163BDC1900F1B9D8 /* TableViewExample */ = {
			isa = PBXNativeTarget;
			buildConfigurationList = 2913AC14163BDC1900F1B9D8 /* Build configuration list for PBXNativeTarget "TableViewExample" */;
			buildPhases = (
				2913ABEC163BDC1900F1B9D8 /* Sources */,
				2913ABED163BDC1900F1B9D8 /* Frameworks */,
				2913ABEE163BDC1900F1B9D8 /* Resources */,
			);
			buildRules = (
			);
			dependencies = (
			);
			name = TableViewExample;
			productName = TableViewExample;
			productReference = 2913ABF0163BDC1900F1B9D8 /* TableViewExample.app */;
			productType = "com.apple.product-type.application";
		};
/* End PBXNativeTarget section */

/* Begin PBXProject section */
		2913ABE7163BDC1900F1B9D8 /* Project object */ = {
			isa = PBXProject;
			attributes = {
				LastUpgradeCheck = 0450;
				ORGANIZATIONNAME = WYP;
			};
			buildConfigurationList = 2913ABEA163BDC1900F1B9D8 /* Build configuration list for PBXProject "TableViewExample" */;
			compatibilityVersion = "Xcode 3.2";
			developmentRegion = English;
			hasScannedForEncodings = 0;
			knownRegions = (
				en,
			);
			mainGroup = 2913ABE5163BDC1900F1B9D8;
			productRefGroup = 2913ABF1163BDC1900F1B9D8 /* Products */;
			projectDirPath = "";
			projectRoot = "";
			targets = (
				2913ABEF163BDC1900F1B9D8 /* TableViewExample */,
			);
		};
/* End PBXProject section */

/* Begin PBXResourcesBuildPhase section */
		2913ABEE163BDC1900F1B9D8 /* Resources */ = {
			isa = PBXResourcesBuildPhase;
			buildActionMask = 2147483647;
			files = (
				2913ABFF163BDC1900F1B9D8 /* InfoPlist.strings in Resources */,
				2913AC07163BDC1900F1B9D8 /* Default.png in Resources */,
				2913AC09163BDC1900F1B9D8 /* Default@2x.png in Resources */,
				2913AC0B163BDC1900F1B9D8 /* Default-568h@2x.png in Resources */,
				2913AC11163BDC1900F1B9D8 /* ViewController.xib in Resources */,
				2913AC18163BE07D00F1B9D8 /* apple.jpeg in Resources */,
			);
			runOnlyForDeploymentPostprocessing = 0;
		};
/* End PBXResourcesBuildPhase section */

/* Begin PBXSourcesBuildPhase section */
		2913ABEC163BDC1900F1B9D8 /* Sources */ = {
			isa = PBXSourcesBuildPhase;
			buildActionMask = 2147483647;
			files = (
				2913AC01163BDC1900F1B9D8 /* main.m in Sources */,
				2913AC05163BDC1900F1B9D8 /* AppDelegate.m in Sources */,
				2913AC0E163BDC1900F1B9D8 /* ViewController.m in Sources */,
			);
			runOnlyForDeploymentPostprocessing = 0;
		};
/* End PBXSourcesBuildPhase section */

/* Begin PBXVariantGroup section */
		2913ABFD163BDC1900F1B9D8 /* InfoPlist.strings */ = {
			isa = PBXVariantGroup;
			children = (
				2913ABFE163BDC1900F1B9D8 /* en */,
			);
			name = InfoPlist.strings;
			sourceTree = "<group>";
		};
		2913AC0F163BDC1900F1B9D8 /* ViewController.xib */ = {
			isa = PBXVariantGroup;
			children = (
				2913AC10163BDC1900F1B9D8 /* en */,
			);
			name = ViewController.xib;
			sourceTree = "<group>";
		};
/* End PBXVariantGroup section */

/* Begin XCBuildConfiguration section */
		2913AC12163BDC1900F1B9D8 /* Debug */ = {
			isa = XCBuildConfiguration;
			buildSettings = {
				ALWAYS_SEARCH_USER_PATHS = NO;
				CLANG_CXX_LANGUAGE_STANDARD = "gnu++0x";
				CLANG_CXX_LIBRARY = "libc++";
				CLANG_WARN_EMPTY_BODY = YES;
				CLANG_WARN__DUPLICATE_METHOD_MATCH = YES;
				"CODE_SIGN_IDENTITY[sdk=iphoneos*]" = "iPhone Developer";
				COPY_PHASE_STRIP = NO;
				GCC_C_LANGUAGE_STANDARD = gnu99;
				GCC_DYNAMIC_NO_PIC = NO;
				GCC_OPTIMIZATION_LEVEL = 0;
				GCC_PREPROCESSOR_DEFINITIONS = (
					"DEBUG=1",
					"$(inherited)",
				);
				GCC_SYMBOLS_PRIVATE_EXTERN = NO;
				GCC_WARN_ABOUT_RETURN_TYPE = YES;
				GCC_WARN_UNINITIALIZED_AUTOS = YES;
				GCC_WARN_UNUSED_VARIABLE = YES;
				IPHONEOS_DEPLOYMENT_TARGET = 6.0;
				ONLY_ACTIVE_ARCH = YES;
				SDKROOT = iphoneos;
			};
			name = Debug;
		};
		2913AC13163BDC1900F1B9D8 /* Release */ = {
			isa = XCBuildConfiguration;
			buildSettings = {
				ALWAYS_SEARCH_USER_PATHS = NO;
				CLANG_CXX_LANGUAGE_STANDARD = "gnu++0x";
				CLANG_CXX_LIBRARY = "libc++";
				CLANG_WARN_EMPTY_BODY = YES;
				CLANG_WARN__DUPLICATE_METHOD_MATCH = YES;
				"CODE_SIGN_IDENTITY[sdk=iphoneos*]" = "iPhone Developer";
				COPY_PHASE_STRIP = YES;
				GCC_C_LANGUAGE_STANDARD = gnu99;
				GCC_WARN_ABOUT_RETURN_TYPE = YES;
				GCC_WARN_UNINITIALIZED_AUTOS = YES;
				GCC_WARN_UNUSED_VARIABLE = YES;
				IPHONEOS_DEPLOYMENT_TARGET = 6.0;
				OTHER_CFLAGS = "-DNS_BLOCK_ASSERTIONS=1";
				SDKROOT = iphoneos;
				VALIDATE_PRODUCT = YES;
			};
			name = Release;
		};
		2913AC15163BDC1900F1B9D8 /* Debug */ = {
			isa = XCBuildConfiguration;
			buildSettings = {
				GCC_PRECOMPILE_PREFIX_HEADER = YES;
				GCC_PREFIX_HEADER = "TableViewExample/TableViewExample-Prefix.pch";
				INFOPLIST_FILE = "TableViewExample/TableViewExample-Info.plist";
				PRODUCT_NAME = "$(TARGET_NAME)";
				WRAPPER_EXTENSION = app;
			};
			name = Debug;
		};
		2913AC16163BDC1900F1B9D8 /* Release */ = {
			isa = XCBuildConfiguration;
			buildSettings = {
				GCC_PRECOMPILE_PREFIX_HEADER = YES;
				GCC_PREFIX_HEADER = "TableViewExample/TableViewExample-Prefix.pch";
				INFOPLIST_FILE = "TableViewExample/TableViewExample-Info.plist";
				PRODUCT_NAME = "$(TARGET_NAME)";
				WRAPPER_EXTENSION = app;
			};
			name = Release;
		};
/* End XCBuildConfiguration section */

/* Begin XCConfigurationList section */
		2913ABEA163BDC1900F1B9D8 /* Build configuration list for PBXProject "TableViewExample" */ = {
			isa = XCConfigurationList;
			buildConfigurations = (
				2913AC12163BDC1900F1B9D8 /* Debug */,
				2913AC13163BDC1900F1B9D8 /* Release */,
			);
			defaultConfigurationIsVisible = 0;
			defaultConfigurationName = Release;
		};
		2913AC14163BDC1900F1B9D8 /* Build configuration list for PBXNativeTarget "TableViewExample" */ = {
			isa = XCConfigurationList;
			buildConfigurations = (
				2913AC15163BDC1900F1B9D8 /* Debug */,
				2913AC16163BDC1900F1B9D8 /* Release */,
			);
			defaultConfigurationIsVisible = 0;
		};
/* End XCConfigurationList section */
	};
	rootObject = 2913ABE7163BDC1900F1B9D8 /* Project object */;
}
