// !$*UTF8*$!
{
	archiveVersion = 1;
	classes = {
	};
	objectVersion = 46;
	objects = {

/* Begin PBXBuildFile section */
		2914FD9B1636D6C9004F8962 /* UIKit.framework in Frameworks */ = {isa = PBXBuildFile; fileRef = 2914FD9A1636D6C9004F8962 /* UIKit.framework */; };
		2914FD9D1636D6C9004F8962 /* Foundation.framework in Frameworks */ = {isa = PBXBuildFile; fileRef = 2914FD9C1636D6C9004F8962 /* Foundation.framework */; };
		2914FD9F1636D6C9004F8962 /* CoreGraphics.framework in Frameworks */ = {isa = PBXBuildFile; fileRef = 2914FD9E1636D6C9004F8962 /* CoreGraphics.framework */; };
		2914FDA51636D6C9004F8962 /* InfoPlist.strings in Resources */ = {isa = PBXBuildFile; fileRef = 2914FDA31636D6C9004F8962 /* InfoPlist.strings */; };
		2914FDA71636D6C9004F8962 /* main.m in Sources */ = {isa = PBXBuildFile; fileRef = 2914FDA61636D6C9004F8962 /* main.m */; };
		2914FDAB1636D6C9004F8962 /* AppDelegate.m in Sources */ = {isa = PBXBuildFile; fileRef = 2914FDAA1636D6C9004F8962 /* AppDelegate.m */; };
		2914FDAD1636D6C9004F8962 /* Default.png in Resources */ = {isa = PBXBuildFile; fileRef = 2914FDAC1636D6C9004F8962 /* Default.png */; };
		2914FDAF1636D6C9004F8962 /* Default@2x.png in Resources */ = {isa = PBXBuildFile; fileRef = 2914FDAE1636D6C9004F8962 /* Default@2x.png */; };
		2914FDB11636D6C9004F8962 /* Default-568h@2x.png in Resources */ = {isa = PBXBuildFile; fileRef = 2914FDB01636D6C9004F8962 /* Default-568h@2x.png */; };
		2914FDB41636D6C9004F8962 /* ViewController.m in Sources */ = {isa = PBXBuildFile; fileRef = 2914FDB31636D6C9004F8962 /* ViewController.m */; };
		2914FDB71636D6CA004F8962 /* ViewController.xib in Resources */ = {isa = PBXBuildFile; fileRef = 2914FDB51636D6CA004F8962 /* ViewController.xib */; };
/* End PBXBuildFile section */

/* Begin PBXFileReference section */
		2914FD961636D6C9004F8962 /* KeyboardInputs.app */ = {isa = PBXFileReference; explicitFileType = wrapper.application; includeInIndex = 0; path = KeyboardInputs.app; sourceTree = BUILT_PRODUCTS_DIR; };
		2914FD9A1636D6C9004F8962 /* UIKit.framework */ = {isa = PBXFileReference; lastKnownFileType = wrapper.framework; name = UIKit.framework; path = System/Library/Frameworks/UIKit.framework; sourceTree = SDKROOT; };
		2914FD9C1636D6C9004F8962 /* Foundation.framework */ = {isa = PBXFileReference; lastKnownFileType = wrapper.framework; name = Foundation.framework; path = System/Library/Frameworks/Foundation.framework; sourceTree = SDKROOT; };
		2914FD9E1636D6C9004F8962 /* CoreGraphics.framework */ = {isa = PBXFileReference; lastKnownFileType = wrapper.framework; name = CoreGraphics.framework; path = System/Library/Frameworks/CoreGraphics.framework; sourceTree = SDKROOT; };
		2914FDA21636D6C9004F8962 /* KeyboardInputs-Info.plist */ = {isa = PBXFileReference; lastKnownFileType = text.plist.xml; path = "KeyboardInputs-Info.plist"; sourceTree = "<group>"; };
		2914FDA41636D6C9004F8962 /* en */ = {isa = PBXFileReference; lastKnownFileType = text.plist.strings; name = en; path = en.lproj/InfoPlist.strings; sourceTree = "<group>"; };
		2914FDA61636D6C9004F8962 /* main.m */ = {isa = PBXFileReference; lastKnownFileType = sourcecode.c.objc; path = main.m; sourceTree = "<group>"; };
		2914FDA81636D6C9004F8962 /* KeyboardInputs-Prefix.pch */ = {isa = PBXFileReference; lastKnownFileType = sourcecode.c.h; path = "KeyboardInputs-Prefix.pch"; sourceTree = "<group>"; };
		2914FDA91636D6C9004F8962 /* AppDelegate.h */ = {isa = PBXFileReference; lastKnownFileType = sourcecode.c.h; path = AppDelegate.h; sourceTree = "<group>"; };
		2914FDAA1636D6C9004F8962 /* AppDelegate.m */ = {isa = PBXFileReference; lastKnownFileType = sourcecode.c.objc; path = AppDelegate.m; sourceTree = "<group>"; };
		2914FDAC1636D6C9004F8962 /* Default.png */ = {isa = PBXFileReference; lastKnownFileType = image.png; path = Default.png; sourceTree = "<group>"; };
		2914FDAE1636D6C9004F8962 /* Default@2x.png */ = {isa = PBXFileReference; lastKnownFileType = image.png; path = "Default@2x.png"; sourceTree = "<group>"; };
		2914FDB01636D6C9004F8962 /* Default-568h@2x.png */ = {isa = PBXFileReference; lastKnownFileType = image.png; path = "Default-568h@2x.png"; sourceTree = "<group>"; };
		2914FDB21636D6C9004F8962 /* ViewController.h */ = {isa = PBXFileReference; lastKnownFileType = sourcecode.c.h; path = ViewController.h; sourceTree = "<group>"; };
		2914FDB31636D6C9004F8962 /* ViewController.m */ = {isa = PBXFileReference; lastKnownFileType = sourcecode.c.objc; path = ViewController.m; sourceTree = "<group>"; };
		2914FDB61636D6CA004F8962 /* en */ = {isa = PBXFileReference; lastKnownFileType = file.xib; name = en; path = en.lproj/ViewController.xib; sourceTree = "<group>"; };
/* End PBXFileReference section */

/* Begin PBXFrameworksBuildPhase section */
		2914FD931636D6C9004F8962 /* Frameworks */ = {
			isa = PBXFrameworksBuildPhase;
			buildActionMask = 2147483647;
			files = (
				2914FD9B1636D6C9004F8962 /* UIKit.framework in Frameworks */,
				2914FD9D1636D6C9004F8962 /* Foundation.framework in Frameworks */,
				2914FD9F1636D6C9004F8962 /* CoreGraphics.framework in Frameworks */,
			);
			runOnlyForDeploymentPostprocessing = 0;
		};
/* End PBXFrameworksBuildPhase section */

/* Begin PBXGroup section */
		2914FD8B1636D6C9004F8962 = {
			isa = PBXGroup;
			children = (
				2914FDA01636D6C9004F8962 /* KeyboardInputs */,
				2914FD991636D6C9004F8962 /* Frameworks */,
				2914FD971636D6C9004F8962 /* Products */,
			);
			sourceTree = "<group>";
		};
		2914FD971636D6C9004F8962 /* Products */ = {
			isa = PBXGroup;
			children = (
				2914FD961636D6C9004F8962 /* KeyboardInputs.app */,
			);
			name = Products;
			sourceTree = "<group>";
		};
		2914FD991636D6C9004F8962 /* Frameworks */ = {
			isa = PBXGroup;
			children = (
				2914FD9A1636D6C9004F8962 /* UIKit.framework */,
				2914FD9C1636D6C9004F8962 /* Foundation.framework */,
				2914FD9E1636D6C9004F8962 /* CoreGraphics.framework */,
			);
			name = Frameworks;
			sourceTree = "<group>";
		};
		2914FDA01636D6C9004F8962 /* KeyboardInputs */ = {
			isa = PBXGroup;
			children = (
				2914FDA91636D6C9004F8962 /* AppDelegate.h */,
				2914FDAA1636D6C9004F8962 /* AppDelegate.m */,
				2914FDB21636D6C9004F8962 /* ViewController.h */,
				2914FDB31636D6C9004F8962 /* ViewController.m */,
				2914FDB51636D6CA004F8962 /* ViewController.xib */,
				2914FDA11636D6C9004F8962 /* Supporting Files */,
			);
			path = KeyboardInputs;
			sourceTree = "<group>";
		};
		2914FDA11636D6C9004F8962 /* Supporting Files */ = {
			isa = PBXGroup;
			children = (
				2914FDA21636D6C9004F8962 /* KeyboardInputs-Info.plist */,
				2914FDA31636D6C9004F8962 /* InfoPlist.strings */,
				2914FDA61636D6C9004F8962 /* main.m */,
				2914FDA81636D6C9004F8962 /* KeyboardInputs-Prefix.pch */,
				2914FDAC1636D6C9004F8962 /* Default.png */,
				2914FDAE1636D6C9004F8962 /* Default@2x.png */,
				2914FDB01636D6C9004F8962 /* Default-568h@2x.png */,
			);
			name = "Supporting Files";
			sourceTree = "<group>";
		};
/* End PBXGroup section */

/* Begin PBXNativeTarget section */
		2914FD951636D6C9004F8962 /* KeyboardInputs */ = {
			isa = PBXNativeTarget;
			buildConfigurationList = 2914FDBA1636D6CA004F8962 /* Build configuration list for PBXNativeTarget "KeyboardInputs" */;
			buildPhases = (
				2914FD921636D6C9004F8962 /* Sources */,
				2914FD931636D6C9004F8962 /* Frameworks */,
				2914FD941636D6C9004F8962 /* Resources */,
			);
			buildRules = (
			);
			dependencies = (
			);
			name = KeyboardInputs;
			productName = KeyboardInputs;
			productReference = 2914FD961636D6C9004F8962 /* KeyboardInputs.app */;
			productType = "com.apple.product-type.application";
		};
/* End PBXNativeTarget section */

/* Begin PBXProject section */
		2914FD8D1636D6C9004F8962 /* Project object */ = {
			isa = PBXProject;
			attributes = {
				LastUpgradeCheck = 0450;
				ORGANIZATIONNAME = WYP;
			};
			buildConfigurationList = 2914FD901636D6C9004F8962 /* Build configuration list for PBXProject "KeyboardInputs" */;
			compatibilityVersion = "Xcode 3.2";
			developmentRegion = English;
			hasScannedForEncodings = 0;
			knownRegions = (
				en,
			);
			mainGroup = 2914FD8B1636D6C9004F8962;
			productRefGroup = 2914FD971636D6C9004F8962 /* Products */;
			projectDirPath = "";
			projectRoot = "";
			targets = (
				2914FD951636D6C9004F8962 /* KeyboardInputs */,
			);
		};
/* End PBXProject section */

/* Begin PBXResourcesBuildPhase section */
		2914FD941636D6C9004F8962 /* Resources */ = {
			isa = PBXResourcesBuildPhase;
			buildActionMask = 2147483647;
			files = (
				2914FDA51636D6C9004F8962 /* InfoPlist.strings in Resources */,
				2914FDAD1636D6C9004F8962 /* Default.png in Resources */,
				2914FDAF1636D6C9004F8962 /* Default@2x.png in Resources */,
				2914FDB11636D6C9004F8962 /* Default-568h@2x.png in Resources */,
				2914FDB71636D6CA004F8962 /* ViewController.xib in Resources */,
			);
			runOnlyForDeploymentPostprocessing = 0;
		};
/* End PBXResourcesBuildPhase section */

/* Begin PBXSourcesBuildPhase section */
		2914FD921636D6C9004F8962 /* Sources */ = {
			isa = PBXSourcesBuildPhase;
			buildActionMask = 2147483647;
			files = (
				2914FDA71636D6C9004F8962 /* main.m in Sources */,
				2914FDAB1636D6C9004F8962 /* AppDelegate.m in Sources */,
				2914FDB41636D6C9004F8962 /* ViewController.m in Sources */,
			);
			runOnlyForDeploymentPostprocessing = 0;
		};
/* End PBXSourcesBuildPhase section */

/* Begin PBXVariantGroup section */
		2914FDA31636D6C9004F8962 /* InfoPlist.strings */ = {
			isa = PBXVariantGroup;
			children = (
				2914FDA41636D6C9004F8962 /* en */,
			);
			name = InfoPlist.strings;
			sourceTree = "<group>";
		};
		2914FDB51636D6CA004F8962 /* ViewController.xib */ = {
			isa = PBXVariantGroup;
			children = (
				2914FDB61636D6CA004F8962 /* en */,
			);
			name = ViewController.xib;
			sourceTree = "<group>";
		};
/* End PBXVariantGroup section */

/* Begin XCBuildConfiguration section */
		2914FDB81636D6CA004F8962 /* Debug */ = {
			isa = XCBuildConfiguration;
			buildSettings = {
				ALWAYS_SEARCH_USER_PATHS = NO;
				CLANG_CXX_LANGUAGE_STANDARD = "gnu++0x";
				CLANG_CXX_LIBRARY = "libc++";
				CLANG_WARN_EMPTY_BODY = YES;
				CLANG_WARN__DUPLICATE_METHOD_MATCH = YES;
				"CODE_SIGN_IDENTITY[sdk=iphoneos*]" = "iPhone Developer";
				COPY_PHASE_STRIP = NO;
				GCC_C_LANGUAGE_STANDARD = gnu99;
				GCC_DYNAMIC_NO_PIC = NO;
				GCC_OPTIMIZATION_LEVEL = 0;
				GCC_PREPROCESSOR_DEFINITIONS = (
					"DEBUG=1",
					"$(inherited)",
				);
				GCC_SYMBOLS_PRIVATE_EXTERN = NO;
				GCC_WARN_ABOUT_RETURN_TYPE = YES;
				GCC_WARN_UNINITIALIZED_AUTOS = YES;
				GCC_WARN_UNUSED_VARIABLE = YES;
				IPHONEOS_DEPLOYMENT_TARGET = 6.0;
				ONLY_ACTIVE_ARCH = YES;
				SDKROOT = iphoneos;
			};
			name = Debug;
		};
		2914FDB91636D6CA004F8962 /* Release */ = {
			isa = XCBuildConfiguration;
			buildSettings = {
				ALWAYS_SEARCH_USER_PATHS = NO;
				CLANG_CXX_LANGUAGE_STANDARD = "gnu++0x";
				CLANG_CXX_LIBRARY = "libc++";
				CLANG_WARN_EMPTY_BODY = YES;
				CLANG_WARN__DUPLICATE_METHOD_MATCH = YES;
				"CODE_SIGN_IDENTITY[sdk=iphoneos*]" = "iPhone Developer";
				COPY_PHASE_STRIP = YES;
				GCC_C_LANGUAGE_STANDARD = gnu99;
				GCC_WARN_ABOUT_RETURN_TYPE = YES;
				GCC_WARN_UNINITIALIZED_AUTOS = YES;
				GCC_WARN_UNUSED_VARIABLE = YES;
				IPHONEOS_DEPLOYMENT_TARGET = 6.0;
				OTHER_CFLAGS = "-DNS_BLOCK_ASSERTIONS=1";
				SDKROOT = iphoneos;
				VALIDATE_PRODUCT = YES;
			};
			name = Release;
		};
		2914FDBB1636D6CA004F8962 /* Debug */ = {
			isa = XCBuildConfiguration;
			buildSettings = {
				GCC_PRECOMPILE_PREFIX_HEADER = YES;
				GCC_PREFIX_HEADER = "KeyboardInputs/KeyboardInputs-Prefix.pch";
				INFOPLIST_FILE = "KeyboardInputs/KeyboardInputs-Info.plist";
				PRODUCT_NAME = "$(TARGET_NAME)";
				WRAPPER_EXTENSION = app;
			};
			name = Debug;
		};
		2914FDBC1636D6CA004F8962 /* Release */ = {
			isa = XCBuildConfiguration;
			buildSettings = {
				GCC_PRECOMPILE_PREFIX_HEADER = YES;
				GCC_PREFIX_HEADER = "KeyboardInputs/KeyboardInputs-Prefix.pch";
				INFOPLIST_FILE = "KeyboardInputs/KeyboardInputs-Info.plist";
				PRODUCT_NAME = "$(TARGET_NAME)";
				WRAPPER_EXTENSION = app;
			};
			name = Release;
		};
/* End XCBuildConfiguration section */

/* Begin XCConfigurationList section */
		2914FD901636D6C9004F8962 /* Build configuration list for PBXProject "KeyboardInputs" */ = {
			isa = XCConfigurationList;
			buildConfigurations = (
				2914FDB81636D6CA004F8962 /* Debug */,
				2914FDB91636D6CA004F8962 /* Release */,
			);
			defaultConfigurationIsVisible = 0;
			defaultConfigurationName = Release;
		};
		2914FDBA1636D6CA004F8962 /* Build configuration list for PBXNativeTarget "KeyboardInputs" */ = {
			isa = XCConfigurationList;
			buildConfigurations = (
				2914FDBB1636D6CA004F8962 /* Debug */,
				2914FDBC1636D6CA004F8962 /* Release */,
			);
			defaultConfigurationIsVisible = 0;
		};
/* End XCConfigurationList section */
	};
	rootObject = 2914FD8D1636D6C9004F8962 /* Project object */;
}
