// !$*UTF8*$!
{
	archiveVersion = 1;
	classes = {
	};
	objectVersion = 46;
	objects = {

/* Begin PBXBuildFile section */
		299717981638312000D3DFFB /* UIKit.framework in Frameworks */ = {isa = PBXBuildFile; fileRef = 299717971638312000D3DFFB /* UIKit.framework */; };
		2997179A1638312000D3DFFB /* Foundation.framework in Frameworks */ = {isa = PBXBuildFile; fileRef = 299717991638312000D3DFFB /* Foundation.framework */; };
		2997179C1638312000D3DFFB /* CoreGraphics.framework in Frameworks */ = {isa = PBXBuildFile; fileRef = 2997179B1638312000D3DFFB /* CoreGraphics.framework */; };
		299717A21638312000D3DFFB /* InfoPlist.strings in Resources */ = {isa = PBXBuildFile; fileRef = 299717A01638312000D3DFFB /* InfoPlist.strings */; };
		299717A41638312000D3DFFB /* main.m in Sources */ = {isa = PBXBuildFile; fileRef = 299717A31638312000D3DFFB /* main.m */; };
		299717A81638312000D3DFFB /* AppDelegate.m in Sources */ = {isa = PBXBuildFile; fileRef = 299717A71638312000D3DFFB /* AppDelegate.m */; };
		299717AA1638312000D3DFFB /* Default.png in Resources */ = {isa = PBXBuildFile; fileRef = 299717A91638312000D3DFFB /* Default.png */; };
		299717AC1638312000D3DFFB /* Default@2x.png in Resources */ = {isa = PBXBuildFile; fileRef = 299717AB1638312000D3DFFB /* Default@2x.png */; };
		299717AE1638312000D3DFFB /* Default-568h@2x.png in Resources */ = {isa = PBXBuildFile; fileRef = 299717AD1638312000D3DFFB /* Default-568h@2x.png */; };
		299717B11638312000D3DFFB /* ViewController.m in Sources */ = {isa = PBXBuildFile; fileRef = 299717B01638312000D3DFFB /* ViewController.m */; };
		299717B41638312000D3DFFB /* ViewController.xib in Resources */ = {isa = PBXBuildFile; fileRef = 299717B21638312000D3DFFB /* ViewController.xib */; };
/* End PBXBuildFile section */

/* Begin PBXFileReference section */
		299717931638312000D3DFFB /* ScreenRotations.app */ = {isa = PBXFileReference; explicitFileType = wrapper.application; includeInIndex = 0; path = ScreenRotations.app; sourceTree = BUILT_PRODUCTS_DIR; };
		299717971638312000D3DFFB /* UIKit.framework */ = {isa = PBXFileReference; lastKnownFileType = wrapper.framework; name = UIKit.framework; path = System/Library/Frameworks/UIKit.framework; sourceTree = SDKROOT; };
		299717991638312000D3DFFB /* Foundation.framework */ = {isa = PBXFileReference; lastKnownFileType = wrapper.framework; name = Foundation.framework; path = System/Library/Frameworks/Foundation.framework; sourceTree = SDKROOT; };
		2997179B1638312000D3DFFB /* CoreGraphics.framework */ = {isa = PBXFileReference; lastKnownFileType = wrapper.framework; name = CoreGraphics.framework; path = System/Library/Frameworks/CoreGraphics.framework; sourceTree = SDKROOT; };
		2997179F1638312000D3DFFB /* ScreenRotations-Info.plist */ = {isa = PBXFileReference; lastKnownFileType = text.plist.xml; path = "ScreenRotations-Info.plist"; sourceTree = "<group>"; };
		299717A11638312000D3DFFB /* en */ = {isa = PBXFileReference; lastKnownFileType = text.plist.strings; name = en; path = en.lproj/InfoPlist.strings; sourceTree = "<group>"; };
		299717A31638312000D3DFFB /* main.m */ = {isa = PBXFileReference; lastKnownFileType = sourcecode.c.objc; path = main.m; sourceTree = "<group>"; };
		299717A51638312000D3DFFB /* ScreenRotations-Prefix.pch */ = {isa = PBXFileReference; lastKnownFileType = sourcecode.c.h; path = "ScreenRotations-Prefix.pch"; sourceTree = "<group>"; };
		299717A61638312000D3DFFB /* AppDelegate.h */ = {isa = PBXFileReference; lastKnownFileType = sourcecode.c.h; path = AppDelegate.h; sourceTree = "<group>"; };
		299717A71638312000D3DFFB /* AppDelegate.m */ = {isa = PBXFileReference; lastKnownFileType = sourcecode.c.objc; path = AppDelegate.m; sourceTree = "<group>"; };
		299717A91638312000D3DFFB /* Default.png */ = {isa = PBXFileReference; lastKnownFileType = image.png; path = Default.png; sourceTree = "<group>"; };
		299717AB1638312000D3DFFB /* Default@2x.png */ = {isa = PBXFileReference; lastKnownFileType = image.png; path = "Default@2x.png"; sourceTree = "<group>"; };
		299717AD1638312000D3DFFB /* Default-568h@2x.png */ = {isa = PBXFileReference; lastKnownFileType = image.png; path = "Default-568h@2x.png"; sourceTree = "<group>"; };
		299717AF1638312000D3DFFB /* ViewController.h */ = {isa = PBXFileReference; lastKnownFileType = sourcecode.c.h; path = ViewController.h; sourceTree = "<group>"; };
		299717B01638312000D3DFFB /* ViewController.m */ = {isa = PBXFileReference; lastKnownFileType = sourcecode.c.objc; path = ViewController.m; sourceTree = "<group>"; };
		299717B31638312000D3DFFB /* en */ = {isa = PBXFileReference; lastKnownFileType = file.xib; name = en; path = en.lproj/ViewController.xib; sourceTree = "<group>"; };
/* End PBXFileReference section */

/* Begin PBXFrameworksBuildPhase section */
		299717901638312000D3DFFB /* Frameworks */ = {
			isa = PBXFrameworksBuildPhase;
			buildActionMask = 2147483647;
			files = (
				299717981638312000D3DFFB /* UIKit.framework in Frameworks */,
				2997179A1638312000D3DFFB /* Foundation.framework in Frameworks */,
				2997179C1638312000D3DFFB /* CoreGraphics.framework in Frameworks */,
			);
			runOnlyForDeploymentPostprocessing = 0;
		};
/* End PBXFrameworksBuildPhase section */

/* Begin PBXGroup section */
		299717881638312000D3DFFB = {
			isa = PBXGroup;
			children = (
				2997179D1638312000D3DFFB /* ScreenRotations */,
				299717961638312000D3DFFB /* Frameworks */,
				299717941638312000D3DFFB /* Products */,
			);
			sourceTree = "<group>";
		};
		299717941638312000D3DFFB /* Products */ = {
			isa = PBXGroup;
			children = (
				299717931638312000D3DFFB /* ScreenRotations.app */,
			);
			name = Products;
			sourceTree = "<group>";
		};
		299717961638312000D3DFFB /* Frameworks */ = {
			isa = PBXGroup;
			children = (
				299717971638312000D3DFFB /* UIKit.framework */,
				299717991638312000D3DFFB /* Foundation.framework */,
				2997179B1638312000D3DFFB /* CoreGraphics.framework */,
			);
			name = Frameworks;
			sourceTree = "<group>";
		};
		2997179D1638312000D3DFFB /* ScreenRotations */ = {
			isa = PBXGroup;
			children = (
				299717A61638312000D3DFFB /* AppDelegate.h */,
				299717A71638312000D3DFFB /* AppDelegate.m */,
				299717AF1638312000D3DFFB /* ViewController.h */,
				299717B01638312000D3DFFB /* ViewController.m */,
				299717B21638312000D3DFFB /* ViewController.xib */,
				2997179E1638312000D3DFFB /* Supporting Files */,
			);
			path = ScreenRotations;
			sourceTree = "<group>";
		};
		2997179E1638312000D3DFFB /* Supporting Files */ = {
			isa = PBXGroup;
			children = (
				2997179F1638312000D3DFFB /* ScreenRotations-Info.plist */,
				299717A01638312000D3DFFB /* InfoPlist.strings */,
				299717A31638312000D3DFFB /* main.m */,
				299717A51638312000D3DFFB /* ScreenRotations-Prefix.pch */,
				299717A91638312000D3DFFB /* Default.png */,
				299717AB1638312000D3DFFB /* Default@2x.png */,
				299717AD1638312000D3DFFB /* Default-568h@2x.png */,
			);
			name = "Supporting Files";
			sourceTree = "<group>";
		};
/* End PBXGroup section */

/* Begin PBXNativeTarget section */
		299717921638312000D3DFFB /* ScreenRotations */ = {
			isa = PBXNativeTarget;
			buildConfigurationList = 299717B71638312000D3DFFB /* Build configuration list for PBXNativeTarget "ScreenRotations" */;
			buildPhases = (
				2997178F1638312000D3DFFB /* Sources */,
				299717901638312000D3DFFB /* Frameworks */,
				299717911638312000D3DFFB /* Resources */,
			);
			buildRules = (
			);
			dependencies = (
			);
			name = ScreenRotations;
			productName = ScreenRotations;
			productReference = 299717931638312000D3DFFB /* ScreenRotations.app */;
			productType = "com.apple.product-type.application";
		};
/* End PBXNativeTarget section */

/* Begin PBXProject section */
		2997178A1638312000D3DFFB /* Project object */ = {
			isa = PBXProject;
			attributes = {
				LastUpgradeCheck = 0450;
				ORGANIZATIONNAME = WYP;
			};
			buildConfigurationList = 2997178D1638312000D3DFFB /* Build configuration list for PBXProject "ScreenRotations" */;
			compatibilityVersion = "Xcode 3.2";
			developmentRegion = English;
			hasScannedForEncodings = 0;
			knownRegions = (
				en,
			);
			mainGroup = 299717881638312000D3DFFB;
			productRefGroup = 299717941638312000D3DFFB /* Products */;
			projectDirPath = "";
			projectRoot = "";
			targets = (
				299717921638312000D3DFFB /* ScreenRotations */,
			);
		};
/* End PBXProject section */

/* Begin PBXResourcesBuildPhase section */
		299717911638312000D3DFFB /* Resources */ = {
			isa = PBXResourcesBuildPhase;
			buildActionMask = 2147483647;
			files = (
				299717A21638312000D3DFFB /* InfoPlist.strings in Resources */,
				299717AA1638312000D3DFFB /* Default.png in Resources */,
				299717AC1638312000D3DFFB /* Default@2x.png in Resources */,
				299717AE1638312000D3DFFB /* Default-568h@2x.png in Resources */,
				299717B41638312000D3DFFB /* ViewController.xib in Resources */,
			);
			runOnlyForDeploymentPostprocessing = 0;
		};
/* End PBXResourcesBuildPhase section */

/* Begin PBXSourcesBuildPhase section */
		2997178F1638312000D3DFFB /* Sources */ = {
			isa = PBXSourcesBuildPhase;
			buildActionMask = 2147483647;
			files = (
				299717A41638312000D3DFFB /* main.m in Sources */,
				299717A81638312000D3DFFB /* AppDelegate.m in Sources */,
				299717B11638312000D3DFFB /* ViewController.m in Sources */,
			);
			runOnlyForDeploymentPostprocessing = 0;
		};
/* End PBXSourcesBuildPhase section */

/* Begin PBXVariantGroup section */
		299717A01638312000D3DFFB /* InfoPlist.strings */ = {
			isa = PBXVariantGroup;
			children = (
				299717A11638312000D3DFFB /* en */,
			);
			name = InfoPlist.strings;
			sourceTree = "<group>";
		};
		299717B21638312000D3DFFB /* ViewController.xib */ = {
			isa = PBXVariantGroup;
			children = (
				299717B31638312000D3DFFB /* en */,
			);
			name = ViewController.xib;
			sourceTree = "<group>";
		};
/* End PBXVariantGroup section */

/* Begin XCBuildConfiguration section */
		299717B51638312000D3DFFB /* Debug */ = {
			isa = XCBuildConfiguration;
			buildSettings = {
				ALWAYS_SEARCH_USER_PATHS = NO;
				CLANG_CXX_LANGUAGE_STANDARD = "gnu++0x";
				CLANG_CXX_LIBRARY = "libc++";
				CLANG_WARN_EMPTY_BODY = YES;
				CLANG_WARN__DUPLICATE_METHOD_MATCH = YES;
				"CODE_SIGN_IDENTITY[sdk=iphoneos*]" = "iPhone Developer";
				COPY_PHASE_STRIP = NO;
				GCC_C_LANGUAGE_STANDARD = gnu99;
				GCC_DYNAMIC_NO_PIC = NO;
				GCC_OPTIMIZATION_LEVEL = 0;
				GCC_PREPROCESSOR_DEFINITIONS = (
					"DEBUG=1",
					"$(inherited)",
				);
				GCC_SYMBOLS_PRIVATE_EXTERN = NO;
				GCC_WARN_ABOUT_RETURN_TYPE = YES;
				GCC_WARN_UNINITIALIZED_AUTOS = YES;
				GCC_WARN_UNUSED_VARIABLE = YES;
				IPHONEOS_DEPLOYMENT_TARGET = 6.0;
				ONLY_ACTIVE_ARCH = YES;
				SDKROOT = iphoneos;
			};
			name = Debug;
		};
		299717B61638312000D3DFFB /* Release */ = {
			isa = XCBuildConfiguration;
			buildSettings = {
				ALWAYS_SEARCH_USER_PATHS = NO;
				CLANG_CXX_LANGUAGE_STANDARD = "gnu++0x";
				CLANG_CXX_LIBRARY = "libc++";
				CLANG_WARN_EMPTY_BODY = YES;
				CLANG_WARN__DUPLICATE_METHOD_MATCH = YES;
				"CODE_SIGN_IDENTITY[sdk=iphoneos*]" = "iPhone Developer";
				COPY_PHASE_STRIP = YES;
				GCC_C_LANGUAGE_STANDARD = gnu99;
				GCC_WARN_ABOUT_RETURN_TYPE = YES;
				GCC_WARN_UNINITIALIZED_AUTOS = YES;
				GCC_WARN_UNUSED_VARIABLE = YES;
				IPHONEOS_DEPLOYMENT_TARGET = 6.0;
				OTHER_CFLAGS = "-DNS_BLOCK_ASSERTIONS=1";
				SDKROOT = iphoneos;
				VALIDATE_PRODUCT = YES;
			};
			name = Release;
		};
		299717B81638312000D3DFFB /* Debug */ = {
			isa = XCBuildConfiguration;
			buildSettings = {
				GCC_PRECOMPILE_PREFIX_HEADER = YES;
				GCC_PREFIX_HEADER = "ScreenRotations/ScreenRotations-Prefix.pch";
				INFOPLIST_FILE = "ScreenRotations/ScreenRotations-Info.plist";
				PRODUCT_NAME = "$(TARGET_NAME)";
				WRAPPER_EXTENSION = app;
			};
			name = Debug;
		};
		299717B91638312000D3DFFB /* Release */ = {
			isa = XCBuildConfiguration;
			buildSettings = {
				GCC_PRECOMPILE_PREFIX_HEADER = YES;
				GCC_PREFIX_HEADER = "ScreenRotations/ScreenRotations-Prefix.pch";
				INFOPLIST_FILE = "ScreenRotations/ScreenRotations-Info.plist";
				PRODUCT_NAME = "$(TARGET_NAME)";
				WRAPPER_EXTENSION = app;
			};
			name = Release;
		};
/* End XCBuildConfiguration section */

/* Begin XCConfigurationList section */
		2997178D1638312000D3DFFB /* Build configuration list for PBXProject "ScreenRotations" */ = {
			isa = XCConfigurationList;
			buildConfigurations = (
				299717B51638312000D3DFFB /* Debug */,
				299717B61638312000D3DFFB /* Release */,
			);
			defaultConfigurationIsVisible = 0;
			defaultConfigurationName = Release;
		};
		299717B71638312000D3DFFB /* Build configuration list for PBXNativeTarget "ScreenRotations" */ = {
			isa = XCConfigurationList;
			buildConfigurations = (
				299717B81638312000D3DFFB /* Debug */,
				299717B91638312000D3DFFB /* Release */,
			);
			defaultConfigurationIsVisible = 0;
		};
/* End XCConfigurationList section */
	};
	rootObject = 2997178A1638312000D3DFFB /* Project object */;
}
