// !$*UTF8*$!
{
	archiveVersion = 1;
	classes = {
	};
	objectVersion = 46;
	objects = {

/* Begin PBXBuildFile section */
		29661E2C163415310066A511 /* UIKit.framework in Frameworks */ = {isa = PBXBuildFile; fileRef = 29661E2B163415310066A511 /* UIKit.framework */; };
		29661E2E163415310066A511 /* Foundation.framework in Frameworks */ = {isa = PBXBuildFile; fileRef = 29661E2D163415310066A511 /* Foundation.framework */; };
		29661E30163415310066A511 /* CoreGraphics.framework in Frameworks */ = {isa = PBXBuildFile; fileRef = 29661E2F163415310066A511 /* CoreGraphics.framework */; };
		29661E36163415310066A511 /* InfoPlist.strings in Resources */ = {isa = PBXBuildFile; fileRef = 29661E34163415310066A511 /* InfoPlist.strings */; };
		29661E38163415310066A511 /* main.m in Sources */ = {isa = PBXBuildFile; fileRef = 29661E37163415310066A511 /* main.m */; };
		29661E3C163415310066A511 /* AppDelegate.m in Sources */ = {isa = PBXBuildFile; fileRef = 29661E3B163415310066A511 /* AppDelegate.m */; };
		29661E3E163415310066A511 /* Default.png in Resources */ = {isa = PBXBuildFile; fileRef = 29661E3D163415310066A511 /* Default.png */; };
		29661E40163415310066A511 /* Default@2x.png in Resources */ = {isa = PBXBuildFile; fileRef = 29661E3F163415310066A511 /* Default@2x.png */; };
		29661E42163415310066A511 /* Default-568h@2x.png in Resources */ = {isa = PBXBuildFile; fileRef = 29661E41163415310066A511 /* Default-568h@2x.png */; };
		29661E45163415310066A511 /* ViewController.m in Sources */ = {isa = PBXBuildFile; fileRef = 29661E44163415310066A511 /* ViewController.m */; };
		29661E48163415310066A511 /* ViewController.xib in Resources */ = {isa = PBXBuildFile; fileRef = 29661E46163415310066A511 /* ViewController.xib */; };
/* End PBXBuildFile section */

/* Begin PBXFileReference section */
		29661E27163415310066A511 /* OutletsAndAction.app */ = {isa = PBXFileReference; explicitFileType = wrapper.application; includeInIndex = 0; path = OutletsAndAction.app; sourceTree = BUILT_PRODUCTS_DIR; };
		29661E2B163415310066A511 /* UIKit.framework */ = {isa = PBXFileReference; lastKnownFileType = wrapper.framework; name = UIKit.framework; path = System/Library/Frameworks/UIKit.framework; sourceTree = SDKROOT; };
		29661E2D163415310066A511 /* Foundation.framework */ = {isa = PBXFileReference; lastKnownFileType = wrapper.framework; name = Foundation.framework; path = System/Library/Frameworks/Foundation.framework; sourceTree = SDKROOT; };
		29661E2F163415310066A511 /* CoreGraphics.framework */ = {isa = PBXFileReference; lastKnownFileType = wrapper.framework; name = CoreGraphics.framework; path = System/Library/Frameworks/CoreGraphics.framework; sourceTree = SDKROOT; };
		29661E33163415310066A511 /* OutletsAndAction-Info.plist */ = {isa = PBXFileReference; lastKnownFileType = text.plist.xml; path = "OutletsAndAction-Info.plist"; sourceTree = "<group>"; };
		29661E35163415310066A511 /* en */ = {isa = PBXFileReference; lastKnownFileType = text.plist.strings; name = en; path = en.lproj/InfoPlist.strings; sourceTree = "<group>"; };
		29661E37163415310066A511 /* main.m */ = {isa = PBXFileReference; lastKnownFileType = sourcecode.c.objc; path = main.m; sourceTree = "<group>"; };
		29661E39163415310066A511 /* OutletsAndAction-Prefix.pch */ = {isa = PBXFileReference; lastKnownFileType = sourcecode.c.h; path = "OutletsAndAction-Prefix.pch"; sourceTree = "<group>"; };
		29661E3A163415310066A511 /* AppDelegate.h */ = {isa = PBXFileReference; lastKnownFileType = sourcecode.c.h; path = AppDelegate.h; sourceTree = "<group>"; };
		29661E3B163415310066A511 /* AppDelegate.m */ = {isa = PBXFileReference; lastKnownFileType = sourcecode.c.objc; path = AppDelegate.m; sourceTree = "<group>"; };
		29661E3D163415310066A511 /* Default.png */ = {isa = PBXFileReference; lastKnownFileType = image.png; path = Default.png; sourceTree = "<group>"; };
		29661E3F163415310066A511 /* Default@2x.png */ = {isa = PBXFileReference; lastKnownFileType = image.png; path = "Default@2x.png"; sourceTree = "<group>"; };
		29661E41163415310066A511 /* Default-568h@2x.png */ = {isa = PBXFileReference; lastKnownFileType = image.png; path = "Default-568h@2x.png"; sourceTree = "<group>"; };
		29661E43163415310066A511 /* ViewController.h */ = {isa = PBXFileReference; lastKnownFileType = sourcecode.c.h; path = ViewController.h; sourceTree = "<group>"; };
		29661E44163415310066A511 /* ViewController.m */ = {isa = PBXFileReference; lastKnownFileType = sourcecode.c.objc; path = ViewController.m; sourceTree = "<group>"; };
		29661E47163415310066A511 /* en */ = {isa = PBXFileReference; lastKnownFileType = file.xib; name = en; path = en.lproj/ViewController.xib; sourceTree = "<group>"; };
/* End PBXFileReference section */

/* Begin PBXFrameworksBuildPhase section */
		29661E24163415310066A511 /* Frameworks */ = {
			isa = PBXFrameworksBuildPhase;
			buildActionMask = 2147483647;
			files = (
				29661E2C163415310066A511 /* UIKit.framework in Frameworks */,
				29661E2E163415310066A511 /* Foundation.framework in Frameworks */,
				29661E30163415310066A511 /* CoreGraphics.framework in Frameworks */,
			);
			runOnlyForDeploymentPostprocessing = 0;
		};
/* End PBXFrameworksBuildPhase section */

/* Begin PBXGroup section */
		29661E1C163415310066A511 = {
			isa = PBXGroup;
			children = (
				29661E31163415310066A511 /* OutletsAndAction */,
				29661E2A163415310066A511 /* Frameworks */,
				29661E28163415310066A511 /* Products */,
			);
			sourceTree = "<group>";
		};
		29661E28163415310066A511 /* Products */ = {
			isa = PBXGroup;
			children = (
				29661E27163415310066A511 /* OutletsAndAction.app */,
			);
			name = Products;
			sourceTree = "<group>";
		};
		29661E2A163415310066A511 /* Frameworks */ = {
			isa = PBXGroup;
			children = (
				29661E2B163415310066A511 /* UIKit.framework */,
				29661E2D163415310066A511 /* Foundation.framework */,
				29661E2F163415310066A511 /* CoreGraphics.framework */,
			);
			name = Frameworks;
			sourceTree = "<group>";
		};
		29661E31163415310066A511 /* OutletsAndAction */ = {
			isa = PBXGroup;
			children = (
				29661E3A163415310066A511 /* AppDelegate.h */,
				29661E3B163415310066A511 /* AppDelegate.m */,
				29661E43163415310066A511 /* ViewController.h */,
				29661E44163415310066A511 /* ViewController.m */,
				29661E46163415310066A511 /* ViewController.xib */,
				29661E32163415310066A511 /* Supporting Files */,
			);
			path = OutletsAndAction;
			sourceTree = "<group>";
		};
		29661E32163415310066A511 /* Supporting Files */ = {
			isa = PBXGroup;
			children = (
				29661E33163415310066A511 /* OutletsAndAction-Info.plist */,
				29661E34163415310066A511 /* InfoPlist.strings */,
				29661E37163415310066A511 /* main.m */,
				29661E39163415310066A511 /* OutletsAndAction-Prefix.pch */,
				29661E3D163415310066A511 /* Default.png */,
				29661E3F163415310066A511 /* Default@2x.png */,
				29661E41163415310066A511 /* Default-568h@2x.png */,
			);
			name = "Supporting Files";
			sourceTree = "<group>";
		};
/* End PBXGroup section */

/* Begin PBXNativeTarget section */
		29661E26163415310066A511 /* OutletsAndAction */ = {
			isa = PBXNativeTarget;
			buildConfigurationList = 29661E4B163415310066A511 /* Build configuration list for PBXNativeTarget "OutletsAndAction" */;
			buildPhases = (
				29661E23163415310066A511 /* Sources */,
				29661E24163415310066A511 /* Frameworks */,
				29661E25163415310066A511 /* Resources */,
			);
			buildRules = (
			);
			dependencies = (
			);
			name = OutletsAndAction;
			productName = OutletsAndAction;
			productReference = 29661E27163415310066A511 /* OutletsAndAction.app */;
			productType = "com.apple.product-type.application";
		};
/* End PBXNativeTarget section */

/* Begin PBXProject section */
		29661E1E163415310066A511 /* Project object */ = {
			isa = PBXProject;
			attributes = {
				LastUpgradeCheck = 0450;
				ORGANIZATIONNAME = WYP;
			};
			buildConfigurationList = 29661E21163415310066A511 /* Build configuration list for PBXProject "OutletsAndAction" */;
			compatibilityVersion = "Xcode 3.2";
			developmentRegion = English;
			hasScannedForEncodings = 0;
			knownRegions = (
				en,
			);
			mainGroup = 29661E1C163415310066A511;
			productRefGroup = 29661E28163415310066A511 /* Products */;
			projectDirPath = "";
			projectRoot = "";
			targets = (
				29661E26163415310066A511 /* OutletsAndAction */,
			);
		};
/* End PBXProject section */

/* Begin PBXResourcesBuildPhase section */
		29661E25163415310066A511 /* Resources */ = {
			isa = PBXResourcesBuildPhase;
			buildActionMask = 2147483647;
			files = (
				29661E36163415310066A511 /* InfoPlist.strings in Resources */,
				29661E3E163415310066A511 /* Default.png in Resources */,
				29661E40163415310066A511 /* Default@2x.png in Resources */,
				29661E42163415310066A511 /* Default-568h@2x.png in Resources */,
				29661E48163415310066A511 /* ViewController.xib in Resources */,
			);
			runOnlyForDeploymentPostprocessing = 0;
		};
/* End PBXResourcesBuildPhase section */

/* Begin PBXSourcesBuildPhase section */
		29661E23163415310066A511 /* Sources */ = {
			isa = PBXSourcesBuildPhase;
			buildActionMask = 2147483647;
			files = (
				29661E38163415310066A511 /* main.m in Sources */,
				29661E3C163415310066A511 /* AppDelegate.m in Sources */,
				29661E45163415310066A511 /* ViewController.m in Sources */,
			);
			runOnlyForDeploymentPostprocessing = 0;
		};
/* End PBXSourcesBuildPhase section */

/* Begin PBXVariantGroup section */
		29661E34163415310066A511 /* InfoPlist.strings */ = {
			isa = PBXVariantGroup;
			children = (
				29661E35163415310066A511 /* en */,
			);
			name = InfoPlist.strings;
			sourceTree = "<group>";
		};
		29661E46163415310066A511 /* ViewController.xib */ = {
			isa = PBXVariantGroup;
			children = (
				29661E47163415310066A511 /* en */,
			);
			name = ViewController.xib;
			sourceTree = "<group>";
		};
/* End PBXVariantGroup section */

/* Begin XCBuildConfiguration section */
		29661E49163415310066A511 /* Debug */ = {
			isa = XCBuildConfiguration;
			buildSettings = {
				ALWAYS_SEARCH_USER_PATHS = NO;
				CLANG_CXX_LANGUAGE_STANDARD = "gnu++0x";
				CLANG_CXX_LIBRARY = "libc++";
				CLANG_WARN_EMPTY_BODY = YES;
				CLANG_WARN__DUPLICATE_METHOD_MATCH = YES;
				"CODE_SIGN_IDENTITY[sdk=iphoneos*]" = "iPhone Developer";
				COPY_PHASE_STRIP = NO;
				GCC_C_LANGUAGE_STANDARD = gnu99;
				GCC_DYNAMIC_NO_PIC = NO;
				GCC_OPTIMIZATION_LEVEL = 0;
				GCC_PREPROCESSOR_DEFINITIONS = (
					"DEBUG=1",
					"$(inherited)",
				);
				GCC_SYMBOLS_PRIVATE_EXTERN = NO;
				GCC_WARN_ABOUT_RETURN_TYPE = YES;
				GCC_WARN_UNINITIALIZED_AUTOS = YES;
				GCC_WARN_UNUSED_VARIABLE = YES;
				IPHONEOS_DEPLOYMENT_TARGET = 6.0;
				ONLY_ACTIVE_ARCH = YES;
				SDKROOT = iphoneos;
			};
			name = Debug;
		};
		29661E4A163415310066A511 /* Release */ = {
			isa = XCBuildConfiguration;
			buildSettings = {
				ALWAYS_SEARCH_USER_PATHS = NO;
				CLANG_CXX_LANGUAGE_STANDARD = "gnu++0x";
				CLANG_CXX_LIBRARY = "libc++";
				CLANG_WARN_EMPTY_BODY = YES;
				CLANG_WARN__DUPLICATE_METHOD_MATCH = YES;
				"CODE_SIGN_IDENTITY[sdk=iphoneos*]" = "iPhone Developer";
				COPY_PHASE_STRIP = YES;
				GCC_C_LANGUAGE_STANDARD = gnu99;
				GCC_WARN_ABOUT_RETURN_TYPE = YES;
				GCC_WARN_UNINITIALIZED_AUTOS = YES;
				GCC_WARN_UNUSED_VARIABLE = YES;
				IPHONEOS_DEPLOYMENT_TARGET = 6.0;
				OTHER_CFLAGS = "-DNS_BLOCK_ASSERTIONS=1";
				SDKROOT = iphoneos;
				VALIDATE_PRODUCT = YES;
			};
			name = Release;
		};
		29661E4C163415310066A511 /* Debug */ = {
			isa = XCBuildConfiguration;
			buildSettings = {
				GCC_PRECOMPILE_PREFIX_HEADER = YES;
				GCC_PREFIX_HEADER = "OutletsAndAction/OutletsAndAction-Prefix.pch";
				INFOPLIST_FILE = "OutletsAndAction/OutletsAndAction-Info.plist";
				PRODUCT_NAME = "$(TARGET_NAME)";
				WRAPPER_EXTENSION = app;
			};
			name = Debug;
		};
		29661E4D163415310066A511 /* Release */ = {
			isa = XCBuildConfiguration;
			buildSettings = {
				GCC_PRECOMPILE_PREFIX_HEADER = YES;
				GCC_PREFIX_HEADER = "OutletsAndAction/OutletsAndAction-Prefix.pch";
				INFOPLIST_FILE = "OutletsAndAction/OutletsAndAction-Info.plist";
				PRODUCT_NAME = "$(TARGET_NAME)";
				WRAPPER_EXTENSION = app;
			};
			name = Release;
		};
/* End XCBuildConfiguration section */

/* Begin XCConfigurationList section */
		29661E21163415310066A511 /* Build configuration list for PBXProject "OutletsAndAction" */ = {
			isa = XCConfigurationList;
			buildConfigurations = (
				29661E49163415310066A511 /* Debug */,
				29661E4A163415310066A511 /* Release */,
			);
			defaultConfigurationIsVisible = 0;
			defaultConfigurationName = Release;
		};
		29661E4B163415310066A511 /* Build configuration list for PBXNativeTarget "OutletsAndAction" */ = {
			isa = XCConfigurationList;
			buildConfigurations = (
				29661E4C163415310066A511 /* Debug */,
				29661E4D163415310066A511 /* Release */,
			);
			defaultConfigurationIsVisible = 0;
		};
/* End XCConfigurationList section */
	};
	rootObject = 29661E1E163415310066A511 /* Project object */;
}
