// !$*UTF8*$!
{
	archiveVersion = 1;
	classes = {
	};
	objectVersion = 46;
	objects = {

/* Begin PBXBuildFile section */
		29661E9A163424930066A511 /* UIKit.framework in Frameworks */ = {isa = PBXBuildFile; fileRef = 29661E99163424930066A511 /* UIKit.framework */; };
		29661E9C163424930066A511 /* Foundation.framework in Frameworks */ = {isa = PBXBuildFile; fileRef = 29661E9B163424930066A511 /* Foundation.framework */; };
		29661E9E163424930066A511 /* CoreGraphics.framework in Frameworks */ = {isa = PBXBuildFile; fileRef = 29661E9D163424930066A511 /* CoreGraphics.framework */; };
		29661EA4163424930066A511 /* InfoPlist.strings in Resources */ = {isa = PBXBuildFile; fileRef = 29661EA2163424930066A511 /* InfoPlist.strings */; };
		29661EA6163424930066A511 /* main.m in Sources */ = {isa = PBXBuildFile; fileRef = 29661EA5163424930066A511 /* main.m */; };
		29661EAA163424930066A511 /* AppDelegate.m in Sources */ = {isa = PBXBuildFile; fileRef = 29661EA9163424930066A511 /* AppDelegate.m */; };
		29661EAC163424930066A511 /* Default.png in Resources */ = {isa = PBXBuildFile; fileRef = 29661EAB163424930066A511 /* Default.png */; };
		29661EAE163424930066A511 /* Default@2x.png in Resources */ = {isa = PBXBuildFile; fileRef = 29661EAD163424930066A511 /* Default@2x.png */; };
		29661EB0163424930066A511 /* Default-568h@2x.png in Resources */ = {isa = PBXBuildFile; fileRef = 29661EAF163424930066A511 /* Default-568h@2x.png */; };
		29661EB3163424930066A511 /* ViewController.m in Sources */ = {isa = PBXBuildFile; fileRef = 29661EB2163424930066A511 /* ViewController.m */; };
		29661EB6163424930066A511 /* ViewController.xib in Resources */ = {isa = PBXBuildFile; fileRef = 29661EB4163424930066A511 /* ViewController.xib */; };
/* End PBXBuildFile section */

/* Begin PBXFileReference section */
		29661E95163424930066A511 /* UsingView2.app */ = {isa = PBXFileReference; explicitFileType = wrapper.application; includeInIndex = 0; path = UsingView2.app; sourceTree = BUILT_PRODUCTS_DIR; };
		29661E99163424930066A511 /* UIKit.framework */ = {isa = PBXFileReference; lastKnownFileType = wrapper.framework; name = UIKit.framework; path = System/Library/Frameworks/UIKit.framework; sourceTree = SDKROOT; };
		29661E9B163424930066A511 /* Foundation.framework */ = {isa = PBXFileReference; lastKnownFileType = wrapper.framework; name = Foundation.framework; path = System/Library/Frameworks/Foundation.framework; sourceTree = SDKROOT; };
		29661E9D163424930066A511 /* CoreGraphics.framework */ = {isa = PBXFileReference; lastKnownFileType = wrapper.framework; name = CoreGraphics.framework; path = System/Library/Frameworks/CoreGraphics.framework; sourceTree = SDKROOT; };
		29661EA1163424930066A511 /* UsingView2-Info.plist */ = {isa = PBXFileReference; lastKnownFileType = text.plist.xml; path = "UsingView2-Info.plist"; sourceTree = "<group>"; };
		29661EA3163424930066A511 /* en */ = {isa = PBXFileReference; lastKnownFileType = text.plist.strings; name = en; path = en.lproj/InfoPlist.strings; sourceTree = "<group>"; };
		29661EA5163424930066A511 /* main.m */ = {isa = PBXFileReference; lastKnownFileType = sourcecode.c.objc; path = main.m; sourceTree = "<group>"; };
		29661EA7163424930066A511 /* UsingView2-Prefix.pch */ = {isa = PBXFileReference; lastKnownFileType = sourcecode.c.h; path = "UsingView2-Prefix.pch"; sourceTree = "<group>"; };
		29661EA8163424930066A511 /* AppDelegate.h */ = {isa = PBXFileReference; lastKnownFileType = sourcecode.c.h; path = AppDelegate.h; sourceTree = "<group>"; };
		29661EA9163424930066A511 /* AppDelegate.m */ = {isa = PBXFileReference; lastKnownFileType = sourcecode.c.objc; path = AppDelegate.m; sourceTree = "<group>"; };
		29661EAB163424930066A511 /* Default.png */ = {isa = PBXFileReference; lastKnownFileType = image.png; path = Default.png; sourceTree = "<group>"; };
		29661EAD163424930066A511 /* Default@2x.png */ = {isa = PBXFileReference; lastKnownFileType = image.png; path = "Default@2x.png"; sourceTree = "<group>"; };
		29661EAF163424930066A511 /* Default-568h@2x.png */ = {isa = PBXFileReference; lastKnownFileType = image.png; path = "Default-568h@2x.png"; sourceTree = "<group>"; };
		29661EB1163424930066A511 /* ViewController.h */ = {isa = PBXFileReference; lastKnownFileType = sourcecode.c.h; path = ViewController.h; sourceTree = "<group>"; };
		29661EB2163424930066A511 /* ViewController.m */ = {isa = PBXFileReference; lastKnownFileType = sourcecode.c.objc; path = ViewController.m; sourceTree = "<group>"; };
		29661EB5163424930066A511 /* en */ = {isa = PBXFileReference; lastKnownFileType = file.xib; name = en; path = en.lproj/ViewController.xib; sourceTree = "<group>"; };
/* End PBXFileReference section */

/* Begin PBXFrameworksBuildPhase section */
		29661E92163424930066A511 /* Frameworks */ = {
			isa = PBXFrameworksBuildPhase;
			buildActionMask = 2147483647;
			files = (
				29661E9A163424930066A511 /* UIKit.framework in Frameworks */,
				29661E9C163424930066A511 /* Foundation.framework in Frameworks */,
				29661E9E163424930066A511 /* CoreGraphics.framework in Frameworks */,
			);
			runOnlyForDeploymentPostprocessing = 0;
		};
/* End PBXFrameworksBuildPhase section */

/* Begin PBXGroup section */
		29661E8A163424930066A511 = {
			isa = PBXGroup;
			children = (
				29661E9F163424930066A511 /* UsingView2 */,
				29661E98163424930066A511 /* Frameworks */,
				29661E96163424930066A511 /* Products */,
			);
			sourceTree = "<group>";
		};
		29661E96163424930066A511 /* Products */ = {
			isa = PBXGroup;
			children = (
				29661E95163424930066A511 /* UsingView2.app */,
			);
			name = Products;
			sourceTree = "<group>";
		};
		29661E98163424930066A511 /* Frameworks */ = {
			isa = PBXGroup;
			children = (
				29661E99163424930066A511 /* UIKit.framework */,
				29661E9B163424930066A511 /* Foundation.framework */,
				29661E9D163424930066A511 /* CoreGraphics.framework */,
			);
			name = Frameworks;
			sourceTree = "<group>";
		};
		29661E9F163424930066A511 /* UsingView2 */ = {
			isa = PBXGroup;
			children = (
				29661EA8163424930066A511 /* AppDelegate.h */,
				29661EA9163424930066A511 /* AppDelegate.m */,
				29661EB1163424930066A511 /* ViewController.h */,
				29661EB2163424930066A511 /* ViewController.m */,
				29661EB4163424930066A511 /* ViewController.xib */,
				29661EA0163424930066A511 /* Supporting Files */,
			);
			path = UsingView2;
			sourceTree = "<group>";
		};
		29661EA0163424930066A511 /* Supporting Files */ = {
			isa = PBXGroup;
			children = (
				29661EA1163424930066A511 /* UsingView2-Info.plist */,
				29661EA2163424930066A511 /* InfoPlist.strings */,
				29661EA5163424930066A511 /* main.m */,
				29661EA7163424930066A511 /* UsingView2-Prefix.pch */,
				29661EAB163424930066A511 /* Default.png */,
				29661EAD163424930066A511 /* Default@2x.png */,
				29661EAF163424930066A511 /* Default-568h@2x.png */,
			);
			name = "Supporting Files";
			sourceTree = "<group>";
		};
/* End PBXGroup section */

/* Begin PBXNativeTarget section */
		29661E94163424930066A511 /* UsingView2 */ = {
			isa = PBXNativeTarget;
			buildConfigurationList = 29661EB9163424930066A511 /* Build configuration list for PBXNativeTarget "UsingView2" */;
			buildPhases = (
				29661E91163424930066A511 /* Sources */,
				29661E92163424930066A511 /* Frameworks */,
				29661E93163424930066A511 /* Resources */,
			);
			buildRules = (
			);
			dependencies = (
			);
			name = UsingView2;
			productName = UsingView2;
			productReference = 29661E95163424930066A511 /* UsingView2.app */;
			productType = "com.apple.product-type.application";
		};
/* End PBXNativeTarget section */

/* Begin PBXProject section */
		29661E8C163424930066A511 /* Project object */ = {
			isa = PBXProject;
			attributes = {
				LastUpgradeCheck = 0450;
				ORGANIZATIONNAME = WYP;
			};
			buildConfigurationList = 29661E8F163424930066A511 /* Build configuration list for PBXProject "UsingView2" */;
			compatibilityVersion = "Xcode 3.2";
			developmentRegion = English;
			hasScannedForEncodings = 0;
			knownRegions = (
				en,
			);
			mainGroup = 29661E8A163424930066A511;
			productRefGroup = 29661E96163424930066A511 /* Products */;
			projectDirPath = "";
			projectRoot = "";
			targets = (
				29661E94163424930066A511 /* UsingView2 */,
			);
		};
/* End PBXProject section */

/* Begin PBXResourcesBuildPhase section */
		29661E93163424930066A511 /* Resources */ = {
			isa = PBXResourcesBuildPhase;
			buildActionMask = 2147483647;
			files = (
				29661EA4163424930066A511 /* InfoPlist.strings in Resources */,
				29661EAC163424930066A511 /* Default.png in Resources */,
				29661EAE163424930066A511 /* Default@2x.png in Resources */,
				29661EB0163424930066A511 /* Default-568h@2x.png in Resources */,
				29661EB6163424930066A511 /* ViewController.xib in Resources */,
			);
			runOnlyForDeploymentPostprocessing = 0;
		};
/* End PBXResourcesBuildPhase section */

/* Begin PBXSourcesBuildPhase section */
		29661E91163424930066A511 /* Sources */ = {
			isa = PBXSourcesBuildPhase;
			buildActionMask = 2147483647;
			files = (
				29661EA6163424930066A511 /* main.m in Sources */,
				29661EAA163424930066A511 /* AppDelegate.m in Sources */,
				29661EB3163424930066A511 /* ViewController.m in Sources */,
			);
			runOnlyForDeploymentPostprocessing = 0;
		};
/* End PBXSourcesBuildPhase section */

/* Begin PBXVariantGroup section */
		29661EA2163424930066A511 /* InfoPlist.strings */ = {
			isa = PBXVariantGroup;
			children = (
				29661EA3163424930066A511 /* en */,
			);
			name = InfoPlist.strings;
			sourceTree = "<group>";
		};
		29661EB4163424930066A511 /* ViewController.xib */ = {
			isa = PBXVariantGroup;
			children = (
				29661EB5163424930066A511 /* en */,
			);
			name = ViewController.xib;
			sourceTree = "<group>";
		};
/* End PBXVariantGroup section */

/* Begin XCBuildConfiguration section */
		29661EB7163424930066A511 /* Debug */ = {
			isa = XCBuildConfiguration;
			buildSettings = {
				ALWAYS_SEARCH_USER_PATHS = NO;
				CLANG_CXX_LANGUAGE_STANDARD = "gnu++0x";
				CLANG_CXX_LIBRARY = "libc++";
				CLANG_WARN_EMPTY_BODY = YES;
				CLANG_WARN__DUPLICATE_METHOD_MATCH = YES;
				"CODE_SIGN_IDENTITY[sdk=iphoneos*]" = "iPhone Developer";
				COPY_PHASE_STRIP = NO;
				GCC_C_LANGUAGE_STANDARD = gnu99;
				GCC_DYNAMIC_NO_PIC = NO;
				GCC_OPTIMIZATION_LEVEL = 0;
				GCC_PREPROCESSOR_DEFINITIONS = (
					"DEBUG=1",
					"$(inherited)",
				);
				GCC_SYMBOLS_PRIVATE_EXTERN = NO;
				GCC_WARN_ABOUT_RETURN_TYPE = YES;
				GCC_WARN_UNINITIALIZED_AUTOS = YES;
				GCC_WARN_UNUSED_VARIABLE = YES;
				IPHONEOS_DEPLOYMENT_TARGET = 6.0;
				ONLY_ACTIVE_ARCH = YES;
				SDKROOT = iphoneos;
			};
			name = Debug;
		};
		29661EB8163424930066A511 /* Release */ = {
			isa = XCBuildConfiguration;
			buildSettings = {
				ALWAYS_SEARCH_USER_PATHS = NO;
				CLANG_CXX_LANGUAGE_STANDARD = "gnu++0x";
				CLANG_CXX_LIBRARY = "libc++";
				CLANG_WARN_EMPTY_BODY = YES;
				CLANG_WARN__DUPLICATE_METHOD_MATCH = YES;
				"CODE_SIGN_IDENTITY[sdk=iphoneos*]" = "iPhone Developer";
				COPY_PHASE_STRIP = YES;
				GCC_C_LANGUAGE_STANDARD = gnu99;
				GCC_WARN_ABOUT_RETURN_TYPE = YES;
				GCC_WARN_UNINITIALIZED_AUTOS = YES;
				GCC_WARN_UNUSED_VARIABLE = YES;
				IPHONEOS_DEPLOYMENT_TARGET = 6.0;
				OTHER_CFLAGS = "-DNS_BLOCK_ASSERTIONS=1";
				SDKROOT = iphoneos;
				VALIDATE_PRODUCT = YES;
			};
			name = Release;
		};
		29661EBA163424930066A511 /* Debug */ = {
			isa = XCBuildConfiguration;
			buildSettings = {
				GCC_PRECOMPILE_PREFIX_HEADER = YES;
				GCC_PREFIX_HEADER = "UsingView2/UsingView2-Prefix.pch";
				INFOPLIST_FILE = "UsingView2/UsingView2-Info.plist";
				PRODUCT_NAME = "$(TARGET_NAME)";
				WRAPPER_EXTENSION = app;
			};
			name = Debug;
		};
		29661EBB163424930066A511 /* Release */ = {
			isa = XCBuildConfiguration;
			buildSettings = {
				GCC_PRECOMPILE_PREFIX_HEADER = YES;
				GCC_PREFIX_HEADER = "UsingView2/UsingView2-Prefix.pch";
				INFOPLIST_FILE = "UsingView2/UsingView2-Info.plist";
				PRODUCT_NAME = "$(TARGET_NAME)";
				WRAPPER_EXTENSION = app;
			};
			name = Release;
		};
/* End XCBuildConfiguration section */

/* Begin XCConfigurationList section */
		29661E8F163424930066A511 /* Build configuration list for PBXProject "UsingView2" */ = {
			isa = XCConfigurationList;
			buildConfigurations = (
				29661EB7163424930066A511 /* Debug */,
				29661EB8163424930066A511 /* Release */,
			);
			defaultConfigurationIsVisible = 0;
			defaultConfigurationName = Release;
		};
		29661EB9163424930066A511 /* Build configuration list for PBXNativeTarget "UsingView2" */ = {
			isa = XCConfigurationList;
			buildConfigurations = (
				29661EBA163424930066A511 /* Debug */,
				29661EBB163424930066A511 /* Release */,
			);
			defaultConfigurationIsVisible = 0;
		};
/* End XCConfigurationList section */
	};
	rootObject = 29661E8C163424930066A511 /* Project object */;
}
